// !$*UTF8*$!
{
	archiveVersion = 1;
	classes = {
	};
	objectVersion = 56;
	objects = {

/* Begin PBXBuildFile section */
		11A5BB912C7414C5000FEE6F /* AppDelegate.swift in Sources */ = {isa = PBXBuildFile; fileRef = 11A5BB902C7414C5000FEE6F /* AppDelegate.swift */; };
		11A5BB932C7414C5000FEE6F /* SceneDelegate.swift in Sources */ = {isa = PBXBuildFile; fileRef = 11A5BB922C7414C5000FEE6F /* SceneDelegate.swift */; };
		11A5BB952C7414C5000FEE6F /* ViewController.swift in Sources */ = {isa = PBXBuildFile; fileRef = 11A5BB942C7414C5000FEE6F /* ViewController.swift */; };
		11A5BB982C7414C5000FEE6F /* Base in Resources */ = {isa = PBXBuildFile; fileRef = 11A5BB972C7414C5000FEE6F /* Base */; };
		11A5BB9A2C7414C7000FEE6F /* Assets.xcassets in Resources */ = {isa = PBXBuildFile; fileRef = 11A5BB992C7414C7000FEE6F /* Assets.xcassets */; };
		11A5BB9D2C7414C7000FEE6F /* Base in Resources */ = {isa = PBXBuildFile; fileRef = 11A5BB9C2C7414C7000FEE6F /* Base */; };
		A0AB35B42C90DF04001DDC0B /* RegisterVC.swift in Sources */ = {isa = PBXBuildFile; fileRef = A0AB35B32C90DF04001DDC0B /* RegisterVC.swift */; };
		A0AB35B62C90DF14001DDC0B /* RegisterVC.storyboard in Resources */ = {isa = PBXBuildFile; fileRef = A0AB35B52C90DF14001DDC0B /* RegisterVC.storyboard */; };
/* End PBXBuildFile section */

/* Begin PBXFileReference section */
		11A5BB8D2C7414C5000FEE6F /* CineFlow.app */ = {isa = PBXFileReference; explicitFileType = wrapper.application; includeInIndex = 0; path = CineFlow.app; sourceTree = BUILT_PRODUCTS_DIR; };
		11A5BB902C7414C5000FEE6F /* AppDelegate.swift */ = {isa = PBXFileReference; lastKnownFileType = sourcecode.swift; path = AppDelegate.swift; sourceTree = "<group>"; };
		11A5BB922C7414C5000FEE6F /* SceneDelegate.swift */ = {isa = PBXFileReference; lastKnownFileType = sourcecode.swift; path = SceneDelegate.swift; sourceTree = "<group>"; };
		11A5BB942C7414C5000FEE6F /* ViewController.swift */ = {isa = PBXFileReference; lastKnownFileType = sourcecode.swift; path = ViewController.swift; sourceTree = "<group>"; };
		11A5BB972C7414C5000FEE6F /* Base */ = {isa = PBXFileReference; lastKnownFileType = file.storyboard; name = Base; path = Base.lproj/Main.storyboard; sourceTree = "<group>"; };
		11A5BB992C7414C7000FEE6F /* Assets.xcassets */ = {isa = PBXFileReference; lastKnownFileType = folder.assetcatalog; path = Assets.xcassets; sourceTree = "<group>"; };
		11A5BB9C2C7414C7000FEE6F /* Base */ = {isa = PBXFileReference; lastKnownFileType = file.storyboard; name = Base; path = Base.lproj/LaunchScreen.storyboard; sourceTree = "<group>"; };
		11A5BB9E2C7414C7000FEE6F /* Info.plist */ = {isa = PBXFileReference; lastKnownFileType = text.plist.xml; path = Info.plist; sourceTree = "<group>"; };
		A0AB35B32C90DF04001DDC0B /* RegisterVC.swift */ = {isa = PBXFileReference; lastKnownFileType = sourcecode.swift; path = RegisterVC.swift; sourceTree = "<group>"; };
		A0AB35B52C90DF14001DDC0B /* RegisterVC.storyboard */ = {isa = PBXFileReference; lastKnownFileType = file.storyboard; path = RegisterVC.storyboard; sourceTree = "<group>"; };
/* End PBXFileReference section */

/* Begin PBXFrameworksBuildPhase section */
		11A5BB8A2C7414C5000FEE6F /* Frameworks */ = {
			isa = PBXFrameworksBuildPhase;
			buildActionMask = 2147483647;
			files = (
			);
			runOnlyForDeploymentPostprocessing = 0;
		};
/* End PBXFrameworksBuildPhase section */

/* Begin PBXGroup section */
		11A5BB842C7414C5000FEE6F = {
			isa = PBXGroup;
			children = (
				11A5BB8F2C7414C5000FEE6F /* CineFlow */,
				11A5BB8E2C7414C5000FEE6F /* Products */,
			);
			sourceTree = "<group>";
		};
		11A5BB8E2C7414C5000FEE6F /* Products */ = {
			isa = PBXGroup;
			children = (
				11A5BB8D2C7414C5000FEE6F /* CineFlow.app */,
			);
			name = Products;
			sourceTree = "<group>";
		};
		11A5BB8F2C7414C5000FEE6F /* CineFlow */ = {
			isa = PBXGroup;
			children = (
				A0AB35B22C90DE64001DDC0B /* RegisterSreen */,
				11A5BB902C7414C5000FEE6F /* AppDelegate.swift */,
				11A5BB922C7414C5000FEE6F /* SceneDelegate.swift */,
				11A5BB942C7414C5000FEE6F /* ViewController.swift */,
				11A5BB962C7414C5000FEE6F /* Main.storyboard */,
				11A5BB992C7414C7000FEE6F /* Assets.xcassets */,
				11A5BB9B2C7414C7000FEE6F /* LaunchScreen.storyboard */,
				11A5BB9E2C7414C7000FEE6F /* Info.plist */,
			);
			path = CineFlow;
			sourceTree = "<group>";
		};
		A0AB35B22C90DE64001DDC0B /* RegisterSreen */ = {
			isa = PBXGroup;
			children = (
				A0AB35B32C90DF04001DDC0B /* RegisterVC.swift */,
				A0AB35B52C90DF14001DDC0B /* RegisterVC.storyboard */,
			);
			path = RegisterSreen;
			sourceTree = "<group>";
		};
/* End PBXGroup section */

/* Begin PBXNativeTarget section */
		11A5BB8C2C7414C5000FEE6F /* CineFlow */ = {
			isa = PBXNativeTarget;
			buildConfigurationList = 11A5BBA12C7414C7000FEE6F /* Build configuration list for PBXNativeTarget "CineFlow" */;
			buildPhases = (
				11A5BB892C7414C5000FEE6F /* Sources */,
				11A5BB8A2C7414C5000FEE6F /* Frameworks */,
				11A5BB8B2C7414C5000FEE6F /* Resources */,
			);
			buildRules = (
			);
			dependencies = (
			);
			name = CineFlow;
			productName = CineFlow;
			productReference = 11A5BB8D2C7414C5000FEE6F /* CineFlow.app */;
			productType = "com.apple.product-type.application";
		};
/* End PBXNativeTarget section */

/* Begin PBXProject section */
		11A5BB852C7414C5000FEE6F /* Project object */ = {
			isa = PBXProject;
			attributes = {
				BuildIndependentTargetsInParallel = 1;
				LastSwiftUpdateCheck = 1540;
				LastUpgradeCheck = 1540;
				TargetAttributes = {
					11A5BB8C2C7414C5000FEE6F = {
						CreatedOnToolsVersion = 15.4;
					};
				};
			};
			buildConfigurationList = 11A5BB882C7414C5000FEE6F /* Build configuration list for PBXProject "CineFlow" */;
			compatibilityVersion = "Xcode 14.0";
			developmentRegion = en;
			hasScannedForEncodings = 0;
			knownRegions = (
				en,
				Base,
			);
			mainGroup = 11A5BB842C7414C5000FEE6F;
			productRefGroup = 11A5BB8E2C7414C5000FEE6F /* Products */;
			projectDirPath = "";
			projectRoot = "";
			targets = (
				11A5BB8C2C7414C5000FEE6F /* CineFlow */,
			);
		};
/* End PBXProject section */

/* Begin PBXResourcesBuildPhase section */
		11A5BB8B2C7414C5000FEE6F /* Resources */ = {
			isa = PBXResourcesBuildPhase;
			buildActionMask = 2147483647;
			files = (
				11A5BB9A2C7414C7000FEE6F /* Assets.xcassets in Resources */,
				11A5BB9D2C7414C7000FEE6F /* Base in Resources */,
				A0AB35B62C90DF14001DDC0B /* RegisterVC.storyboard in Resources */,
				11A5BB982C7414C5000FEE6F /* Base in Resources */,
			);
			runOnlyForDeploymentPostprocessing = 0;
		};
/* End PBXResourcesBuildPhase section */

/* Begin PBXSourcesBuildPhase section */
		11A5BB892C7414C5000FEE6F /* Sources */ = {
			isa = PBXSourcesBuildPhase;
			buildActionMask = 2147483647;
			files = (
				11A5BB952C7414C5000FEE6F /* ViewController.swift in Sources */,
				A0AB35B42C90DF04001DDC0B /* RegisterVC.swift in Sources */,
				11A5BB912C7414C5000FEE6F /* AppDelegate.swift in Sources */,
				11A5BB932C7414C5000FEE6F /* SceneDelegate.swift in Sources */,
			);
			runOnlyForDeploymentPostprocessing = 0;
		};
/* End PBXSourcesBuildPhase section */

/* Begin PBXVariantGroup section */
		11A5BB962C7414C5000FEE6F /* Main.storyboard */ = {
			isa = PBXVariantGroup;
			children = (
				11A5BB972C7414C5000FEE6F /* Base */,
			);
			name = Main.storyboard;
			sourceTree = "<group>";
		};
		11A5BB9B2C7414C7000FEE6F /* LaunchScreen.storyboard */ = {
			isa = PBXVariantGroup;
			children = (
				11A5BB9C2C7414C7000FEE6F /* Base */,
			);
			name = LaunchScreen.storyboard;
			sourceTree = "<group>";
		};
/* End PBXVariantGroup section */

/* Begin XCBuildConfiguration section */
		11A5BB9F2C7414C7000FEE6F /* Debug */ = {
			isa = XCBuildConfiguration;
			buildSettings = {
				ALWAYS_SEARCH_USER_PATHS = NO;
				ASSETCATALOG_COMPILER_GENERATE_SWIFT_ASSET_SYMBOL_EXTENSIONS = YES;
				CLANG_ANALYZER_NONNULL = YES;
				CLANG_ANALYZER_NUMBER_OBJECT_CONVERSION = YES_AGGRESSIVE;
				CLANG_CXX_LANGUAGE_STANDARD = "gnu++20";
				CLANG_ENABLE_MODULES = YES;
				CLANG_ENABLE_OBJC_ARC = YES;
				CLANG_ENABLE_OBJC_WEAK = YES;
				CLANG_WARN_BLOCK_CAPTURE_AUTORELEASING = YES;
				CLANG_WARN_BOOL_CONVERSION = YES;
				CLANG_WARN_COMMA = YES;
				CLANG_WARN_CONSTANT_CONVERSION = YES;
				CLANG_WARN_DEPRECATED_OBJC_IMPLEMENTATIONS = YES;
				CLANG_WARN_DIRECT_OBJC_ISA_USAGE = YES_ERROR;
				CLANG_WARN_DOCUMENTATION_COMMENTS = YES;
				CLANG_WARN_EMPTY_BODY = YES;
				CLANG_WARN_ENUM_CONVERSION = YES;
				CLANG_WARN_INFINITE_RECURSION = YES;
				CLANG_WARN_INT_CONVERSION = YES;
				CLANG_WARN_NON_LITERAL_NULL_CONVERSION = YES;
				CLANG_WARN_OBJC_IMPLICIT_RETAIN_SELF = YES;
				CLANG_WARN_OBJC_LITERAL_CONVERSION = YES;
				CLANG_WARN_OBJC_ROOT_CLASS = YES_ERROR;
				CLANG_WARN_QUOTED_INCLUDE_IN_FRAMEWORK_HEADER = YES;
				CLANG_WARN_RANGE_LOOP_ANALYSIS = YES;
				CLANG_WARN_STRICT_PROTOTYPES = YES;
				CLANG_WARN_SUSPICIOUS_MOVE = YES;
				CLANG_WARN_UNGUARDED_AVAILABILITY = YES_AGGRESSIVE;
				CLANG_WARN_UNREACHABLE_CODE = YES;
				CLANG_WARN__DUPLICATE_METHOD_MATCH = YES;
				COPY_PHASE_STRIP = NO;
				DEBUG_INFORMATION_FORMAT = dwarf;
				ENABLE_STRICT_OBJC_MSGSEND = YES;
				ENABLE_TESTABILITY = YES;
				ENABLE_USER_SCRIPT_SANDBOXING = YES;
				GCC_C_LANGUAGE_STANDARD = gnu17;
				GCC_DYNAMIC_NO_PIC = NO;
				GCC_NO_COMMON_BLOCKS = YES;
				GCC_OPTIMIZATION_LEVEL = 0;
				GCC_PREPROCESSOR_DEFINITIONS = (
					"DEBUG=1",
					"$(inherited)",
				);
				GCC_WARN_64_TO_32_BIT_CONVERSION = YES;
				GCC_WARN_ABOUT_RETURN_TYPE = YES_ERROR;
				GCC_WARN_UNDECLARED_SELECTOR = YES;
				GCC_WARN_UNINITIALIZED_AUTOS = YES_AGGRESSIVE;
				GCC_WARN_UNUSED_FUNCTION = YES;
				GCC_WARN_UNUSED_VARIABLE = YES;
				IPHONEOS_DEPLOYMENT_TARGET = 17.5;
				LOCALIZATION_PREFERS_STRING_CATALOGS = YES;
				MTL_ENABLE_DEBUG_INFO = INCLUDE_SOURCE;
				MTL_FAST_MATH = YES;
				ONLY_ACTIVE_ARCH = YES;
				SDKROOT = iphoneos;
				SWIFT_ACTIVE_COMPILATION_CONDITIONS = "DEBUG $(inherited)";
				SWIFT_OPTIMIZATION_LEVEL = "-Onone";
			};
			name = Debug;
		};
		11A5BBA02C7414C7000FEE6F /* Release */ = {
			isa = XCBuildConfiguration;
			buildSettings = {
				ALWAYS_SEARCH_USER_PATHS = NO;
				ASSETCATALOG_COMPILER_GENERATE_SWIFT_ASSET_SYMBOL_EXTENSIONS = YES;
				CLANG_ANALYZER_NONNULL = YES;
				CLANG_ANALYZER_NUMBER_OBJECT_CONVERSION = YES_AGGRESSIVE;
				CLANG_CXX_LANGUAGE_STANDARD = "gnu++20";
				CLANG_ENABLE_MODULES = YES;
				CLANG_ENABLE_OBJC_ARC = YES;
				CLANG_ENABLE_OBJC_WEAK = YES;
				CLANG_WARN_BLOCK_CAPTURE_AUTORELEASING = YES;
				CLANG_WARN_BOOL_CONVERSION = YES;
				CLANG_WARN_COMMA = YES;
				CLANG_WARN_CONSTANT_CONVERSION = YES;
				CLANG_WARN_DEPRECATED_OBJC_IMPLEMENTATIONS = YES;
				CLANG_WARN_DIRECT_OBJC_ISA_USAGE = YES_ERROR;
				CLANG_WARN_DOCUMENTATION_COMMENTS = YES;
				CLANG_WARN_EMPTY_BODY = YES;
				CLANG_WARN_ENUM_CONVERSION = YES;
				CLANG_WARN_INFINITE_RECURSION = YES;
				CLANG_WARN_INT_CONVERSION = YES;
				CLANG_WARN_NON_LITERAL_NULL_CONVERSION = YES;
				CLANG_WARN_OBJC_IMPLICIT_RETAIN_SELF = YES;
				CLANG_WARN_OBJC_LITERAL_CONVERSION = YES;
				CLANG_WARN_OBJC_ROOT_CLASS = YES_ERROR;
				CLANG_WARN_QUOTED_INCLUDE_IN_FRAMEWORK_HEADER = YES;
				CLANG_WARN_RANGE_LOOP_ANALYSIS = YES;
				CLANG_WARN_STRICT_PROTOTYPES = YES;
				CLANG_WARN_SUSPICIOUS_MOVE = YES;
				CLANG_WARN_UNGUARDED_AVAILABILITY = YES_AGGRESSIVE;
				CLANG_WARN_UNREACHABLE_CODE = YES;
				CLANG_WARN__DUPLICATE_METHOD_MATCH = YES;
				COPY_PHASE_STRIP = NO;
				DEBUG_INFORMATION_FORMAT = "dwarf-with-dsym";
				ENABLE_NS_ASSERTIONS = NO;
				ENABLE_STRICT_OBJC_MSGSEND = YES;
				ENABLE_USER_SCRIPT_SANDBOXING = YES;
				GCC_C_LANGUAGE_STANDARD = gnu17;
				GCC_NO_COMMON_BLOCKS = YES;
				GCC_WARN_64_TO_32_BIT_CONVERSION = YES;
				GCC_WARN_ABOUT_RETURN_TYPE = YES_ERROR;
				GCC_WARN_UNDECLARED_SELECTOR = YES;
				GCC_WARN_UNINITIALIZED_AUTOS = YES_AGGRESSIVE;
				GCC_WARN_UNUSED_FUNCTION = YES;
				GCC_WARN_UNUSED_VARIABLE = YES;
				IPHONEOS_DEPLOYMENT_TARGET = 17.5;
				LOCALIZATION_PREFERS_STRING_CATALOGS = YES;
				MTL_ENABLE_DEBUG_INFO = NO;
				MTL_FAST_MATH = YES;
				SDKROOT = iphoneos;
				SWIFT_COMPILATION_MODE = wholemodule;
				VALIDATE_PRODUCT = YES;
			};
			name = Release;
		};
		11A5BBA22C7414C7000FEE6F /* Debug */ = {
			isa = XCBuildConfiguration;
			buildSettings = {
				ASSETCATALOG_COMPILER_APPICON_NAME = AppIcon;
				ASSETCATALOG_COMPILER_GLOBAL_ACCENT_COLOR_NAME = AccentColor;
				CODE_SIGN_STYLE = Automatic;
				CURRENT_PROJECT_VERSION = 1;
				DEVELOPMENT_TEAM = NMYZ767V32;
				GENERATE_INFOPLIST_FILE = YES;
				INFOPLIST_FILE = CineFlow/Info.plist;
				INFOPLIST_KEY_UIApplicationSupportsIndirectInputEvents = YES;
				INFOPLIST_KEY_UILaunchStoryboardName = LaunchScreen;
				INFOPLIST_KEY_UIMainStoryboardFile = Main;
				INFOPLIST_KEY_UISupportedInterfaceOrientations_iPad = "UIInterfaceOrientationPortrait UIInterfaceOrientationPortraitUpsideDown UIInterfaceOrientationLandscapeLeft UIInterfaceOrientationLandscapeRight";
				INFOPLIST_KEY_UISupportedInterfaceOrientations_iPhone = "UIInterfaceOrientationPortrait UIInterfaceOrientationLandscapeLeft UIInterfaceOrientationLandscapeRight";
				IPHONEOS_DEPLOYMENT_TARGET = 17.0;
				LD_RUNPATH_SEARCH_PATHS = (
					"$(inherited)",
					"@executable_path/Frameworks",
				);
				MARKETING_VERSION = 1.0;
				PRODUCT_BUNDLE_IDENTIFIER = com.wagnerrodrigues.CineFlow;
				PRODUCT_NAME = "$(TARGET_NAME)";
				SUPPORTED_PLATFORMS = "iphoneos iphonesimulator";
				SUPPORTS_MACCATALYST = NO;
				SUPPORTS_MAC_DESIGNED_FOR_IPHONE_IPAD = NO;
				SWIFT_EMIT_LOC_STRINGS = YES;
				SWIFT_VERSION = 5.0;
				TARGETED_DEVICE_FAMILY = 1;
			};
			name = Debug;
		};
		11A5BBA32C7414C7000FEE6F /* Release */ = {
			isa = XCBuildConfiguration;
			buildSettings = {
				ASSETCATALOG_COMPILER_APPICON_NAME = AppIcon;
				ASSETCATALOG_COMPILER_GLOBAL_ACCENT_COLOR_NAME = AccentColor;
				CODE_SIGN_STYLE = Automatic;
				CURRENT_PROJECT_VERSION = 1;
				DEVELOPMENT_TEAM = NMYZ767V32;
				GENERATE_INFOPLIST_FILE = YES;
				INFOPLIST_FILE = CineFlow/Info.plist;
				INFOPLIST_KEY_UIApplicationSupportsIndirectInputEvents = YES;
				INFOPLIST_KEY_UILaunchStoryboardName = LaunchScreen;
				INFOPLIST_KEY_UIMainStoryboardFile = Main;
				INFOPLIST_KEY_UISupportedInterfaceOrientations_iPad = "UIInterfaceOrientationPortrait UIInterfaceOrientationPortraitUpsideDown UIInterfaceOrientationLandscapeLeft UIInterfaceOrientationLandscapeRight";
				INFOPLIST_KEY_UISupportedInterfaceOrientations_iPhone = "UIInterfaceOrientationPortrait UIInterfaceOrientationLandscapeLeft UIInterfaceOrientationLandscapeRight";
				IPHONEOS_DEPLOYMENT_TARGET = 17.0;
				LD_RUNPATH_SEARCH_PATHS = (
					"$(inherited)",
					"@executable_path/Frameworks",
				);
				MARKETING_VERSION = 1.0;
				PRODUCT_BUNDLE_IDENTIFIER = com.wagnerrodrigues.CineFlow;
				PRODUCT_NAME = "$(TARGET_NAME)";
				SUPPORTED_PLATFORMS = "iphoneos iphonesimulator";
				SUPPORTS_MACCATALYST = NO;
				SUPPORTS_MAC_DESIGNED_FOR_IPHONE_IPAD = NO;
				SWIFT_EMIT_LOC_STRINGS = YES;
				SWIFT_VERSION = 5.0;
				TARGETED_DEVICE_FAMILY = 1;
			};
			name = Release;
		};
/* End XCBuildConfiguration section */

/* Begin XCConfigurationList section */
		11A5BB882C7414C5000FEE6F /* Build configuration list for PBXProject "CineFlow" */ = {
			isa = XCConfigurationList;
			buildConfigurations = (
				11A5BB9F2C7414C7000FEE6F /* Debug */,
				11A5BBA02C7414C7000FEE6F /* Release */,
			);
			defaultConfigurationIsVisible = 0;
			defaultConfigurationName = Release;
		};
		11A5BBA12C7414C7000FEE6F /* Build configuration list for PBXNativeTarget "CineFlow" */ = {
			isa = XCConfigurationList;
			buildConfigurations = (
				11A5BBA22C7414C7000FEE6F /* Debug */,
				11A5BBA32C7414C7000FEE6F /* Release */,
			);
			defaultConfigurationIsVisible = 0;
			defaultConfigurationName = Release;
		};
/* End XCConfigurationList section */
	};
	rootObject = 11A5BB852C7414C5000FEE6F /* Project object */;
}
