// !$*UTF8*$!
{
	archiveVersion = 1;
	classes = {
	};
	objectVersion = 56;
	objects = {

/* Begin PBXBuildFile section */
		012EC2BD2C779A0300A88353 /* AddListStoryboard.storyboard in Resources */ = {isa = PBXBuildFile; fileRef = 012EC2BC2C779A0300A88353 /* AddListStoryboard.storyboard */; };
		012EC2BF2C77AFEF00A88353 /* Helper.swift in Sources */ = {isa = PBXBuildFile; fileRef = 012EC2BE2C77AFEF00A88353 /* Helper.swift */; };
		012EC2C22C78CE6C00A88353 /* DetailListViewController.swift in Sources */ = {isa = PBXBuildFile; fileRef = 012EC2C12C78CE6C00A88353 /* DetailListViewController.swift */; };
		012EC2C42C78CE7C00A88353 /* DetailListStoryboard.storyboard in Resources */ = {isa = PBXBuildFile; fileRef = 012EC2C32C78CE7C00A88353 /* DetailListStoryboard.storyboard */; };
		012EC2C62C78F47100A88353 /* UIViewController+Extension.swift in Sources */ = {isa = PBXBuildFile; fileRef = 012EC2C52C78F47100A88353 /* UIViewController+Extension.swift */; };
		015E1EC52C9BBC4100D06BD8 /* MenuTableViewCell.swift in Sources */ = {isa = PBXBuildFile; fileRef = 015E1EBD2C9BBC4100D06BD8 /* MenuTableViewCell.swift */; };
		015E1EC62C9BBC4100D06BD8 /* PersonalDataViewController.swift in Sources */ = {isa = PBXBuildFile; fileRef = 015E1EBF2C9BBC4100D06BD8 /* PersonalDataViewController.swift */; };
		015E1EC72C9BBC4100D06BD8 /* PersonDataStoryboard.storyboard in Resources */ = {isa = PBXBuildFile; fileRef = 015E1EC02C9BBC4100D06BD8 /* PersonDataStoryboard.storyboard */; };
		015E1EC82C9BBC4100D06BD8 /* ProfileStoryboard.storyboard in Resources */ = {isa = PBXBuildFile; fileRef = 015E1EC22C9BBC4100D06BD8 /* ProfileStoryboard.storyboard */; };
		015E1EC92C9BBC4100D06BD8 /* ProfileViewModel.swift in Sources */ = {isa = PBXBuildFile; fileRef = 015E1EC32C9BBC4100D06BD8 /* ProfileViewModel.swift */; };
		015E1ECB2C9BBCBC00D06BD8 /* ProfileViewController.swift in Sources */ = {isa = PBXBuildFile; fileRef = 015E1ECA2C9BBCBC00D06BD8 /* ProfileViewController.swift */; };
		015E75772C7D426A00EDAA26 /* IdentifieCell.swift in Sources */ = {isa = PBXBuildFile; fileRef = 015E75762C7D426A00EDAA26 /* IdentifieCell.swift */; };
		017611BB2C753C4700CB2A08 /* EmptyTableView.swift in Sources */ = {isa = PBXBuildFile; fileRef = 017611BA2C753C4700CB2A08 /* EmptyTableView.swift */; };
		017611BD2C75862600CB2A08 /* ListTableViewCell.swift in Sources */ = {isa = PBXBuildFile; fileRef = 017611BC2C75862600CB2A08 /* ListTableViewCell.swift */; };
		017611C32C758D6200CB2A08 /* UIColor+Extension.swift in Sources */ = {isa = PBXBuildFile; fileRef = 017611C22C758D6200CB2A08 /* UIColor+Extension.swift */; };
		017611C52C758D7C00CB2A08 /* CFColor.swift in Sources */ = {isa = PBXBuildFile; fileRef = 017611C42C758D7C00CB2A08 /* CFColor.swift */; };
		017611C82C758EDF00CB2A08 /* ListViewModel.swift in Sources */ = {isa = PBXBuildFile; fileRef = 017611C72C758EDF00CB2A08 /* ListViewModel.swift */; };
		017611CB2C75918800CB2A08 /* UIImageView+Extension.swift in Sources */ = {isa = PBXBuildFile; fileRef = 017611CA2C75918800CB2A08 /* UIImageView+Extension.swift */; };
		017611CD2C7591C400CB2A08 /* CFImage.swift in Sources */ = {isa = PBXBuildFile; fileRef = 017611CC2C7591C400CB2A08 /* CFImage.swift */; };
		017611D02C7593BC00CB2A08 /* AddListViewController.swift in Sources */ = {isa = PBXBuildFile; fileRef = 017611CF2C7593BC00CB2A08 /* AddListViewController.swift */; };
		017D6D632C9E1DB10073EFD2 /* DetailListCollectionViewCell.xib in Resources */ = {isa = PBXBuildFile; fileRef = 017D6D622C9E1DB10073EFD2 /* DetailListCollectionViewCell.xib */; };
		017D6D642C9E1DB10073EFD2 /* DetailListCollectionViewCell.swift in Sources */ = {isa = PBXBuildFile; fileRef = 017D6D612C9E1DB10073EFD2 /* DetailListCollectionViewCell.swift */; };
		01A3A2CF2C7513AC00689FA5 /* ListStoryboard.storyboard in Resources */ = {isa = PBXBuildFile; fileRef = 01A3A2CE2C7513AC00689FA5 /* ListStoryboard.storyboard */; };
		01A3A2D32C7513D600689FA5 /* ListViewController.swift in Sources */ = {isa = PBXBuildFile; fileRef = 01A3A2D22C7513D600689FA5 /* ListViewController.swift */; };
		01F368472C9BC6EE00D5674F /* HomeStoryboard.storyboard in Resources */ = {isa = PBXBuildFile; fileRef = 01F368462C9BC6EE00D5674F /* HomeStoryboard.storyboard */; };
		01F368492C9BC70000D5674F /* HomeViewController.swift in Sources */ = {isa = PBXBuildFile; fileRef = 01F368482C9BC70000D5674F /* HomeViewController.swift */; };
		01F3684E2C9CB34A00D5674F /* HomeTableViewCell.xib in Resources */ = {isa = PBXBuildFile; fileRef = 01F3684D2C9CB34A00D5674F /* HomeTableViewCell.xib */; };
		01F3684F2C9CB34A00D5674F /* HomeTableViewCell.swift in Sources */ = {isa = PBXBuildFile; fileRef = 01F3684C2C9CB34A00D5674F /* HomeTableViewCell.swift */; };
		01F368542C9CB77600D5674F /* HomeCollectionViewCell.xib in Resources */ = {isa = PBXBuildFile; fileRef = 01F368532C9CB77600D5674F /* HomeCollectionViewCell.xib */; };
		01F368552C9CB77600D5674F /* HomeCollectionViewCell.swift in Sources */ = {isa = PBXBuildFile; fileRef = 01F368522C9CB77600D5674F /* HomeCollectionViewCell.swift */; };
		01F368572C9CBA8400D5674F /* CoverModel.swift in Sources */ = {isa = PBXBuildFile; fileRef = 01F368562C9CBA8400D5674F /* CoverModel.swift */; };
		110041CA2CB5D569008F55F5 /* GoogleService-Info.plist in Resources */ = {isa = PBXBuildFile; fileRef = 110041C92CB5D569008F55F5 /* GoogleService-Info.plist */; };
		110041CD2CB5D653008F55F5 /* FirebaseAnalytics in Frameworks */ = {isa = PBXBuildFile; productRef = 110041CC2CB5D653008F55F5 /* FirebaseAnalytics */; };
		110041CF2CB5D653008F55F5 /* FirebaseAnalyticsOnDeviceConversion in Frameworks */ = {isa = PBXBuildFile; productRef = 110041CE2CB5D653008F55F5 /* FirebaseAnalyticsOnDeviceConversion */; };
		110041D12CB5D653008F55F5 /* FirebaseAnalyticsWithoutAdIdSupport in Frameworks */ = {isa = PBXBuildFile; productRef = 110041D02CB5D653008F55F5 /* FirebaseAnalyticsWithoutAdIdSupport */; };
		110041D32CB5D653008F55F5 /* FirebaseAppCheck in Frameworks */ = {isa = PBXBuildFile; productRef = 110041D22CB5D653008F55F5 /* FirebaseAppCheck */; };
		110041D52CB5D653008F55F5 /* FirebaseAppDistribution-Beta in Frameworks */ = {isa = PBXBuildFile; productRef = 110041D42CB5D653008F55F5 /* FirebaseAppDistribution-Beta */; };
		110041D72CB5D653008F55F5 /* FirebaseAuth in Frameworks */ = {isa = PBXBuildFile; productRef = 110041D62CB5D653008F55F5 /* FirebaseAuth */; };
		110041D92CB5D653008F55F5 /* FirebaseAuthCombine-Community in Frameworks */ = {isa = PBXBuildFile; productRef = 110041D82CB5D653008F55F5 /* FirebaseAuthCombine-Community */; };
		110041DB2CB5D653008F55F5 /* FirebaseCore in Frameworks */ = {isa = PBXBuildFile; productRef = 110041DA2CB5D653008F55F5 /* FirebaseCore */; };
		110041DD2CB5D653008F55F5 /* FirebaseCrashlytics in Frameworks */ = {isa = PBXBuildFile; productRef = 110041DC2CB5D653008F55F5 /* FirebaseCrashlytics */; };
		110041DF2CB5D653008F55F5 /* FirebaseDatabase in Frameworks */ = {isa = PBXBuildFile; productRef = 110041DE2CB5D653008F55F5 /* FirebaseDatabase */; };
		110041E12CB5D653008F55F5 /* FirebaseDynamicLinks in Frameworks */ = {isa = PBXBuildFile; productRef = 110041E02CB5D653008F55F5 /* FirebaseDynamicLinks */; };
		110041E32CB5D653008F55F5 /* FirebaseFirestore in Frameworks */ = {isa = PBXBuildFile; productRef = 110041E22CB5D653008F55F5 /* FirebaseFirestore */; };
		110041E52CB5D653008F55F5 /* FirebaseFirestoreCombine-Community in Frameworks */ = {isa = PBXBuildFile; productRef = 110041E42CB5D653008F55F5 /* FirebaseFirestoreCombine-Community */; };
		110041E72CB5D653008F55F5 /* FirebaseFunctions in Frameworks */ = {isa = PBXBuildFile; productRef = 110041E62CB5D653008F55F5 /* FirebaseFunctions */; };
		110041E92CB5D653008F55F5 /* FirebaseFunctionsCombine-Community in Frameworks */ = {isa = PBXBuildFile; productRef = 110041E82CB5D653008F55F5 /* FirebaseFunctionsCombine-Community */; };
		110041EB2CB5D653008F55F5 /* FirebaseInAppMessaging-Beta in Frameworks */ = {isa = PBXBuildFile; productRef = 110041EA2CB5D653008F55F5 /* FirebaseInAppMessaging-Beta */; };
		110041ED2CB5D653008F55F5 /* FirebaseInstallations in Frameworks */ = {isa = PBXBuildFile; productRef = 110041EC2CB5D653008F55F5 /* FirebaseInstallations */; };
		110041EF2CB5D653008F55F5 /* FirebaseMLModelDownloader in Frameworks */ = {isa = PBXBuildFile; productRef = 110041EE2CB5D653008F55F5 /* FirebaseMLModelDownloader */; };
		110041F12CB5D653008F55F5 /* FirebaseMessaging in Frameworks */ = {isa = PBXBuildFile; productRef = 110041F02CB5D653008F55F5 /* FirebaseMessaging */; };
		110041F32CB5D653008F55F5 /* FirebasePerformance in Frameworks */ = {isa = PBXBuildFile; productRef = 110041F22CB5D653008F55F5 /* FirebasePerformance */; };
		110041F52CB5D653008F55F5 /* FirebaseRemoteConfig in Frameworks */ = {isa = PBXBuildFile; productRef = 110041F42CB5D653008F55F5 /* FirebaseRemoteConfig */; };
		110041F72CB5D653008F55F5 /* FirebaseStorage in Frameworks */ = {isa = PBXBuildFile; productRef = 110041F62CB5D653008F55F5 /* FirebaseStorage */; };
		110041F92CB5D653008F55F5 /* FirebaseStorageCombine-Community in Frameworks */ = {isa = PBXBuildFile; productRef = 110041F82CB5D653008F55F5 /* FirebaseStorageCombine-Community */; };
		110041FB2CB5D653008F55F5 /* FirebaseVertexAI-Preview in Frameworks */ = {isa = PBXBuildFile; productRef = 110041FA2CB5D653008F55F5 /* FirebaseVertexAI-Preview */; };
		117CAC7F2C9D066E00AC5CF0 /* SearchResult.storyboard in Resources */ = {isa = PBXBuildFile; fileRef = 117CAC7C2C9D066E00AC5CF0 /* SearchResult.storyboard */; };
		117CAC802C9D066E00AC5CF0 /* SearchResultTableViewCell.xib in Resources */ = {isa = PBXBuildFile; fileRef = 117CAC782C9D066E00AC5CF0 /* SearchResultTableViewCell.xib */; };
		117CAC812C9D066E00AC5CF0 /* SearchResultViewController.swift in Sources */ = {isa = PBXBuildFile; fileRef = 117CAC7D2C9D066E00AC5CF0 /* SearchResultViewController.swift */; };
		117CAC822C9D066E00AC5CF0 /* ResultModel.swift in Sources */ = {isa = PBXBuildFile; fileRef = 117CAC7A2C9D066E00AC5CF0 /* ResultModel.swift */; };
		117CAC832C9D066E00AC5CF0 /* SearchResultTableViewCell.swift in Sources */ = {isa = PBXBuildFile; fileRef = 117CAC772C9D066E00AC5CF0 /* SearchResultTableViewCell.swift */; };
		11A5BB912C7414C5000FEE6F /* AppDelegate.swift in Sources */ = {isa = PBXBuildFile; fileRef = 11A5BB902C7414C5000FEE6F /* AppDelegate.swift */; };
		11A5BB932C7414C5000FEE6F /* SceneDelegate.swift in Sources */ = {isa = PBXBuildFile; fileRef = 11A5BB922C7414C5000FEE6F /* SceneDelegate.swift */; };
		11A5BB982C7414C5000FEE6F /* Base in Resources */ = {isa = PBXBuildFile; fileRef = 11A5BB972C7414C5000FEE6F /* Base */; };
		11A5BB9A2C7414C7000FEE6F /* Assets.xcassets in Resources */ = {isa = PBXBuildFile; fileRef = 11A5BB992C7414C7000FEE6F /* Assets.xcassets */; };
		11A5BB9D2C7414C7000FEE6F /* Base in Resources */ = {isa = PBXBuildFile; fileRef = 11A5BB9C2C7414C7000FEE6F /* Base */; };
		11BCEBD92C9A7F4A0067D2CF /* ChangePasswordStoryboard.storyboard in Resources */ = {isa = PBXBuildFile; fileRef = 11BCEBD82C9A7F4A0067D2CF /* ChangePasswordStoryboard.storyboard */; };
		11BCEBDB2C9A7F620067D2CF /* ChangePasswordViewController.swift in Sources */ = {isa = PBXBuildFile; fileRef = 11BCEBDA2C9A7F620067D2CF /* ChangePasswordViewController.swift */; };
		11C3DF292C9BD77000126F7C /* GenreSearch.storyboard in Resources */ = {isa = PBXBuildFile; fileRef = 11C3DF282C9BD77000126F7C /* GenreSearch.storyboard */; };
		11C3DF2B2C9BDD0400126F7C /* GenreSearchViewController.swift in Sources */ = {isa = PBXBuildFile; fileRef = 11C3DF2A2C9BDD0400126F7C /* GenreSearchViewController.swift */; };
		A008D8BA2C9C918500C339C9 /* MovieImagesCell.swift in Sources */ = {isa = PBXBuildFile; fileRef = A008D8A12C9C918500C339C9 /* MovieImagesCell.swift */; };
		A008D8BB2C9C918500C339C9 /* MovieImagesCell.xib in Resources */ = {isa = PBXBuildFile; fileRef = A008D8A22C9C918500C339C9 /* MovieImagesCell.xib */; };
		A008D8BC2C9C918500C339C9 /* MovieImageCollectionCell.swift in Sources */ = {isa = PBXBuildFile; fileRef = A008D8A42C9C918500C339C9 /* MovieImageCollectionCell.swift */; };
		A008D8BD2C9C918500C339C9 /* MovieImageCollectionCell.xib in Resources */ = {isa = PBXBuildFile; fileRef = A008D8A52C9C918500C339C9 /* MovieImageCollectionCell.xib */; };
		A008D8BE2C9C918500C339C9 /* ActorsCollectionViewCell.xib in Resources */ = {isa = PBXBuildFile; fileRef = A008D8A82C9C918500C339C9 /* ActorsCollectionViewCell.xib */; };
		A008D8BF2C9C918500C339C9 /* ActorsCollectionViewCell.swift in Sources */ = {isa = PBXBuildFile; fileRef = A008D8A92C9C918500C339C9 /* ActorsCollectionViewCell.swift */; };
		A008D8C02C9C918500C339C9 /* ActorsCell.swift in Sources */ = {isa = PBXBuildFile; fileRef = A008D8AB2C9C918500C339C9 /* ActorsCell.swift */; };
		A008D8C12C9C918500C339C9 /* ActorsCell.xib in Resources */ = {isa = PBXBuildFile; fileRef = A008D8AC2C9C918500C339C9 /* ActorsCell.xib */; };
		A008D8C22C9C918500C339C9 /* DescriptionCell.xib in Resources */ = {isa = PBXBuildFile; fileRef = A008D8AE2C9C918500C339C9 /* DescriptionCell.xib */; };
		A008D8C32C9C918500C339C9 /* DescriptionCell.swift in Sources */ = {isa = PBXBuildFile; fileRef = A008D8AF2C9C918500C339C9 /* DescriptionCell.swift */; };
		A008D8C42C9C918500C339C9 /* ContentHeaderCell.swift in Sources */ = {isa = PBXBuildFile; fileRef = A008D8B12C9C918500C339C9 /* ContentHeaderCell.swift */; };
		A008D8C52C9C918500C339C9 /* ContentHeaderCell.xib in Resources */ = {isa = PBXBuildFile; fileRef = A008D8B22C9C918500C339C9 /* ContentHeaderCell.xib */; };
		A008D8C62C9C918500C339C9 /* ContentDetailsVC.swift in Sources */ = {isa = PBXBuildFile; fileRef = A008D8B32C9C918500C339C9 /* ContentDetailsVC.swift */; };
		A008D8C72C9C918500C339C9 /* ContentDetailsVC.storyboard in Resources */ = {isa = PBXBuildFile; fileRef = A008D8B42C9C918500C339C9 /* ContentDetailsVC.storyboard */; };
		A008D8C82C9C918500C339C9 /* Photos.swift in Sources */ = {isa = PBXBuildFile; fileRef = A008D8B62C9C918500C339C9 /* Photos.swift */; };
		A008D8C92C9C918500C339C9 /* Actors.swift in Sources */ = {isa = PBXBuildFile; fileRef = A008D8B72C9C918500C339C9 /* Actors.swift */; };
		A008D8CA2C9C918500C339C9 /* MovieDescription.swift in Sources */ = {isa = PBXBuildFile; fileRef = A008D8B82C9C918500C339C9 /* MovieDescription.swift */; };
		A008D8CB2C9C918500C339C9 /* datails.swift in Sources */ = {isa = PBXBuildFile; fileRef = A008D8B92C9C918500C339C9 /* datails.swift */; };
		A067CA302C9A5E6F0083E367 /* WelcomeViewController.swift in Sources */ = {isa = PBXBuildFile; fileRef = A067CA2E2C9A5E6F0083E367 /* WelcomeViewController.swift */; };
		A067CA312C9A5E6F0083E367 /* WelcomeStoryboard.storyboard in Resources */ = {isa = PBXBuildFile; fileRef = A067CA2F2C9A5E6F0083E367 /* WelcomeStoryboard.storyboard */; };
		C476A9042C9B974100397CCF /* RecoverPasswordViewController.swift in Sources */ = {isa = PBXBuildFile; fileRef = C476A8FE2C9B974100397CCF /* RecoverPasswordViewController.swift */; };
		C476A9052C9B974100397CCF /* RegisterVC.swift in Sources */ = {isa = PBXBuildFile; fileRef = C476A9012C9B974100397CCF /* RegisterVC.swift */; };
		C476A9062C9B974100397CCF /* LoginViewController.swift in Sources */ = {isa = PBXBuildFile; fileRef = C476A8FB2C9B974100397CCF /* LoginViewController.swift */; };
		C476A9072C9B974100397CCF /* RecoverPassword.storyboard in Resources */ = {isa = PBXBuildFile; fileRef = C476A8FD2C9B974100397CCF /* RecoverPassword.storyboard */; };
		C476A9082C9B974100397CCF /* RegisterVC.storyboard in Resources */ = {isa = PBXBuildFile; fileRef = C476A9002C9B974100397CCF /* RegisterVC.storyboard */; };
		C476A90B2C9B97ED00397CCF /* TabBarController.swift in Sources */ = {isa = PBXBuildFile; fileRef = C476A90A2C9B97ED00397CCF /* TabBarController.swift */; };
		C476A90D2C9B998800397CCF /* Login.storyboard in Resources */ = {isa = PBXBuildFile; fileRef = C476A90C2C9B998800397CCF /* Login.storyboard */; };
/* End PBXBuildFile section */

/* Begin PBXFileReference section */
		012EC2BC2C779A0300A88353 /* AddListStoryboard.storyboard */ = {isa = PBXFileReference; lastKnownFileType = file.storyboard; path = AddListStoryboard.storyboard; sourceTree = "<group>"; };
		012EC2BE2C77AFEF00A88353 /* Helper.swift */ = {isa = PBXFileReference; lastKnownFileType = sourcecode.swift; path = Helper.swift; sourceTree = "<group>"; };
		012EC2C12C78CE6C00A88353 /* DetailListViewController.swift */ = {isa = PBXFileReference; lastKnownFileType = sourcecode.swift; path = DetailListViewController.swift; sourceTree = "<group>"; };
		012EC2C32C78CE7C00A88353 /* DetailListStoryboard.storyboard */ = {isa = PBXFileReference; lastKnownFileType = file.storyboard; path = DetailListStoryboard.storyboard; sourceTree = "<group>"; };
		012EC2C52C78F47100A88353 /* UIViewController+Extension.swift */ = {isa = PBXFileReference; lastKnownFileType = sourcecode.swift; path = "UIViewController+Extension.swift"; sourceTree = "<group>"; };
		015E1EBD2C9BBC4100D06BD8 /* MenuTableViewCell.swift */ = {isa = PBXFileReference; fileEncoding = 4; lastKnownFileType = sourcecode.swift; path = MenuTableViewCell.swift; sourceTree = "<group>"; };
		015E1EBF2C9BBC4100D06BD8 /* PersonalDataViewController.swift */ = {isa = PBXFileReference; fileEncoding = 4; lastKnownFileType = sourcecode.swift; path = PersonalDataViewController.swift; sourceTree = "<group>"; };
		015E1EC02C9BBC4100D06BD8 /* PersonDataStoryboard.storyboard */ = {isa = PBXFileReference; fileEncoding = 4; lastKnownFileType = file.storyboard; path = PersonDataStoryboard.storyboard; sourceTree = "<group>"; };
		015E1EC22C9BBC4100D06BD8 /* ProfileStoryboard.storyboard */ = {isa = PBXFileReference; fileEncoding = 4; lastKnownFileType = file.storyboard; path = ProfileStoryboard.storyboard; sourceTree = "<group>"; };
		015E1EC32C9BBC4100D06BD8 /* ProfileViewModel.swift */ = {isa = PBXFileReference; fileEncoding = 4; lastKnownFileType = sourcecode.swift; path = ProfileViewModel.swift; sourceTree = "<group>"; };
		015E1ECA2C9BBCBC00D06BD8 /* ProfileViewController.swift */ = {isa = PBXFileReference; fileEncoding = 4; lastKnownFileType = sourcecode.swift; name = ProfileViewController.swift; path = CineFlow/Feature/ProfileViewController.swift; sourceTree = SOURCE_ROOT; };
		015E75762C7D426A00EDAA26 /* IdentifieCell.swift */ = {isa = PBXFileReference; lastKnownFileType = sourcecode.swift; path = IdentifieCell.swift; sourceTree = "<group>"; };
		017611BA2C753C4700CB2A08 /* EmptyTableView.swift */ = {isa = PBXFileReference; lastKnownFileType = sourcecode.swift; path = EmptyTableView.swift; sourceTree = "<group>"; };
		017611BC2C75862600CB2A08 /* ListTableViewCell.swift */ = {isa = PBXFileReference; lastKnownFileType = sourcecode.swift; path = ListTableViewCell.swift; sourceTree = "<group>"; };
		017611C22C758D6200CB2A08 /* UIColor+Extension.swift */ = {isa = PBXFileReference; lastKnownFileType = sourcecode.swift; path = "UIColor+Extension.swift"; sourceTree = "<group>"; };
		017611C42C758D7C00CB2A08 /* CFColor.swift */ = {isa = PBXFileReference; lastKnownFileType = sourcecode.swift; path = CFColor.swift; sourceTree = "<group>"; };
		017611C72C758EDF00CB2A08 /* ListViewModel.swift */ = {isa = PBXFileReference; lastKnownFileType = sourcecode.swift; path = ListViewModel.swift; sourceTree = "<group>"; };
		017611CA2C75918800CB2A08 /* UIImageView+Extension.swift */ = {isa = PBXFileReference; lastKnownFileType = sourcecode.swift; path = "UIImageView+Extension.swift"; sourceTree = "<group>"; };
		017611CC2C7591C400CB2A08 /* CFImage.swift */ = {isa = PBXFileReference; lastKnownFileType = sourcecode.swift; path = CFImage.swift; sourceTree = "<group>"; };
		017611CF2C7593BC00CB2A08 /* AddListViewController.swift */ = {isa = PBXFileReference; lastKnownFileType = sourcecode.swift; path = AddListViewController.swift; sourceTree = "<group>"; };
		017D6D612C9E1DB10073EFD2 /* DetailListCollectionViewCell.swift */ = {isa = PBXFileReference; lastKnownFileType = sourcecode.swift; path = DetailListCollectionViewCell.swift; sourceTree = "<group>"; };
		017D6D622C9E1DB10073EFD2 /* DetailListCollectionViewCell.xib */ = {isa = PBXFileReference; lastKnownFileType = file.xib; path = DetailListCollectionViewCell.xib; sourceTree = "<group>"; };
		01A3A2CE2C7513AC00689FA5 /* ListStoryboard.storyboard */ = {isa = PBXFileReference; lastKnownFileType = file.storyboard; path = ListStoryboard.storyboard; sourceTree = "<group>"; };
		01A3A2D22C7513D600689FA5 /* ListViewController.swift */ = {isa = PBXFileReference; lastKnownFileType = sourcecode.swift; path = ListViewController.swift; sourceTree = "<group>"; };
		01F368462C9BC6EE00D5674F /* HomeStoryboard.storyboard */ = {isa = PBXFileReference; lastKnownFileType = file.storyboard; path = HomeStoryboard.storyboard; sourceTree = "<group>"; };
		01F368482C9BC70000D5674F /* HomeViewController.swift */ = {isa = PBXFileReference; lastKnownFileType = sourcecode.swift; path = HomeViewController.swift; sourceTree = "<group>"; };
		01F3684C2C9CB34A00D5674F /* HomeTableViewCell.swift */ = {isa = PBXFileReference; lastKnownFileType = sourcecode.swift; path = HomeTableViewCell.swift; sourceTree = "<group>"; };
		01F3684D2C9CB34A00D5674F /* HomeTableViewCell.xib */ = {isa = PBXFileReference; lastKnownFileType = file.xib; path = HomeTableViewCell.xib; sourceTree = "<group>"; };
		01F368522C9CB77600D5674F /* HomeCollectionViewCell.swift */ = {isa = PBXFileReference; lastKnownFileType = sourcecode.swift; path = HomeCollectionViewCell.swift; sourceTree = "<group>"; };
		01F368532C9CB77600D5674F /* HomeCollectionViewCell.xib */ = {isa = PBXFileReference; lastKnownFileType = file.xib; path = HomeCollectionViewCell.xib; sourceTree = "<group>"; };
		01F368562C9CBA8400D5674F /* CoverModel.swift */ = {isa = PBXFileReference; lastKnownFileType = sourcecode.swift; path = CoverModel.swift; sourceTree = "<group>"; };
		110041C92CB5D569008F55F5 /* GoogleService-Info.plist */ = {isa = PBXFileReference; lastKnownFileType = text.plist.xml; path = "GoogleService-Info.plist"; sourceTree = "<group>"; };
		117CAC772C9D066E00AC5CF0 /* SearchResultTableViewCell.swift */ = {isa = PBXFileReference; lastKnownFileType = sourcecode.swift; path = SearchResultTableViewCell.swift; sourceTree = "<group>"; };
		117CAC782C9D066E00AC5CF0 /* SearchResultTableViewCell.xib */ = {isa = PBXFileReference; lastKnownFileType = file.xib; path = SearchResultTableViewCell.xib; sourceTree = "<group>"; };
		117CAC7A2C9D066E00AC5CF0 /* ResultModel.swift */ = {isa = PBXFileReference; lastKnownFileType = sourcecode.swift; path = ResultModel.swift; sourceTree = "<group>"; };
		117CAC7C2C9D066E00AC5CF0 /* SearchResult.storyboard */ = {isa = PBXFileReference; lastKnownFileType = file.storyboard; path = SearchResult.storyboard; sourceTree = "<group>"; };
		117CAC7D2C9D066E00AC5CF0 /* SearchResultViewController.swift */ = {isa = PBXFileReference; lastKnownFileType = sourcecode.swift; path = SearchResultViewController.swift; sourceTree = "<group>"; };
		11A5BB8D2C7414C5000FEE6F /* CineFlow.app */ = {isa = PBXFileReference; explicitFileType = wrapper.application; includeInIndex = 0; path = CineFlow.app; sourceTree = BUILT_PRODUCTS_DIR; };
		11A5BB902C7414C5000FEE6F /* AppDelegate.swift */ = {isa = PBXFileReference; lastKnownFileType = sourcecode.swift; path = AppDelegate.swift; sourceTree = "<group>"; };
		11A5BB922C7414C5000FEE6F /* SceneDelegate.swift */ = {isa = PBXFileReference; lastKnownFileType = sourcecode.swift; path = SceneDelegate.swift; sourceTree = "<group>"; };
		11A5BB972C7414C5000FEE6F /* Base */ = {isa = PBXFileReference; lastKnownFileType = file.storyboard; name = Base; path = Base.lproj/TabBar.storyboard; sourceTree = "<group>"; };
		11A5BB992C7414C7000FEE6F /* Assets.xcassets */ = {isa = PBXFileReference; lastKnownFileType = folder.assetcatalog; path = Assets.xcassets; sourceTree = "<group>"; };
		11A5BB9C2C7414C7000FEE6F /* Base */ = {isa = PBXFileReference; lastKnownFileType = file.storyboard; name = Base; path = Base.lproj/LaunchScreen.storyboard; sourceTree = "<group>"; };
		11A5BB9E2C7414C7000FEE6F /* Info.plist */ = {isa = PBXFileReference; lastKnownFileType = text.plist.xml; path = Info.plist; sourceTree = "<group>"; };
		11BCEBD82C9A7F4A0067D2CF /* ChangePasswordStoryboard.storyboard */ = {isa = PBXFileReference; lastKnownFileType = file.storyboard; path = ChangePasswordStoryboard.storyboard; sourceTree = "<group>"; };
		11BCEBDA2C9A7F620067D2CF /* ChangePasswordViewController.swift */ = {isa = PBXFileReference; lastKnownFileType = sourcecode.swift; path = ChangePasswordViewController.swift; sourceTree = "<group>"; };
		11C3DF282C9BD77000126F7C /* GenreSearch.storyboard */ = {isa = PBXFileReference; lastKnownFileType = file.storyboard; path = GenreSearch.storyboard; sourceTree = "<group>"; };
		11C3DF2A2C9BDD0400126F7C /* GenreSearchViewController.swift */ = {isa = PBXFileReference; lastKnownFileType = sourcecode.swift; path = GenreSearchViewController.swift; sourceTree = "<group>"; };
		A008D8A12C9C918500C339C9 /* MovieImagesCell.swift */ = {isa = PBXFileReference; fileEncoding = 4; lastKnownFileType = sourcecode.swift; path = MovieImagesCell.swift; sourceTree = "<group>"; };
		A008D8A22C9C918500C339C9 /* MovieImagesCell.xib */ = {isa = PBXFileReference; fileEncoding = 4; lastKnownFileType = file.xib; path = MovieImagesCell.xib; sourceTree = "<group>"; };
		A008D8A42C9C918500C339C9 /* MovieImageCollectionCell.swift */ = {isa = PBXFileReference; fileEncoding = 4; lastKnownFileType = sourcecode.swift; path = MovieImageCollectionCell.swift; sourceTree = "<group>"; };
		A008D8A52C9C918500C339C9 /* MovieImageCollectionCell.xib */ = {isa = PBXFileReference; fileEncoding = 4; lastKnownFileType = file.xib; path = MovieImageCollectionCell.xib; sourceTree = "<group>"; };
		A008D8A82C9C918500C339C9 /* ActorsCollectionViewCell.xib */ = {isa = PBXFileReference; fileEncoding = 4; lastKnownFileType = file.xib; path = ActorsCollectionViewCell.xib; sourceTree = "<group>"; };
		A008D8A92C9C918500C339C9 /* ActorsCollectionViewCell.swift */ = {isa = PBXFileReference; fileEncoding = 4; lastKnownFileType = sourcecode.swift; path = ActorsCollectionViewCell.swift; sourceTree = "<group>"; };
		A008D8AB2C9C918500C339C9 /* ActorsCell.swift */ = {isa = PBXFileReference; fileEncoding = 4; lastKnownFileType = sourcecode.swift; path = ActorsCell.swift; sourceTree = "<group>"; };
		A008D8AC2C9C918500C339C9 /* ActorsCell.xib */ = {isa = PBXFileReference; fileEncoding = 4; lastKnownFileType = file.xib; path = ActorsCell.xib; sourceTree = "<group>"; };
		A008D8AE2C9C918500C339C9 /* DescriptionCell.xib */ = {isa = PBXFileReference; fileEncoding = 4; lastKnownFileType = file.xib; path = DescriptionCell.xib; sourceTree = "<group>"; };
		A008D8AF2C9C918500C339C9 /* DescriptionCell.swift */ = {isa = PBXFileReference; fileEncoding = 4; lastKnownFileType = sourcecode.swift; path = DescriptionCell.swift; sourceTree = "<group>"; };
		A008D8B12C9C918500C339C9 /* ContentHeaderCell.swift */ = {isa = PBXFileReference; fileEncoding = 4; lastKnownFileType = sourcecode.swift; path = ContentHeaderCell.swift; sourceTree = "<group>"; };
		A008D8B22C9C918500C339C9 /* ContentHeaderCell.xib */ = {isa = PBXFileReference; fileEncoding = 4; lastKnownFileType = file.xib; path = ContentHeaderCell.xib; sourceTree = "<group>"; };
		A008D8B32C9C918500C339C9 /* ContentDetailsVC.swift */ = {isa = PBXFileReference; fileEncoding = 4; lastKnownFileType = sourcecode.swift; path = ContentDetailsVC.swift; sourceTree = "<group>"; };
		A008D8B42C9C918500C339C9 /* ContentDetailsVC.storyboard */ = {isa = PBXFileReference; fileEncoding = 4; lastKnownFileType = file.storyboard; path = ContentDetailsVC.storyboard; sourceTree = "<group>"; };
		A008D8B62C9C918500C339C9 /* Photos.swift */ = {isa = PBXFileReference; fileEncoding = 4; lastKnownFileType = sourcecode.swift; path = Photos.swift; sourceTree = "<group>"; };
		A008D8B72C9C918500C339C9 /* Actors.swift */ = {isa = PBXFileReference; fileEncoding = 4; lastKnownFileType = sourcecode.swift; path = Actors.swift; sourceTree = "<group>"; };
		A008D8B82C9C918500C339C9 /* MovieDescription.swift */ = {isa = PBXFileReference; fileEncoding = 4; lastKnownFileType = sourcecode.swift; path = MovieDescription.swift; sourceTree = "<group>"; };
		A008D8B92C9C918500C339C9 /* datails.swift */ = {isa = PBXFileReference; fileEncoding = 4; lastKnownFileType = sourcecode.swift; path = datails.swift; sourceTree = "<group>"; };
		A067CA2E2C9A5E6F0083E367 /* WelcomeViewController.swift */ = {isa = PBXFileReference; fileEncoding = 4; lastKnownFileType = sourcecode.swift; path = WelcomeViewController.swift; sourceTree = "<group>"; };
		A067CA2F2C9A5E6F0083E367 /* WelcomeStoryboard.storyboard */ = {isa = PBXFileReference; fileEncoding = 4; lastKnownFileType = file.storyboard; path = WelcomeStoryboard.storyboard; sourceTree = "<group>"; };
		C476A8FB2C9B974100397CCF /* LoginViewController.swift */ = {isa = PBXFileReference; lastKnownFileType = sourcecode.swift; path = LoginViewController.swift; sourceTree = "<group>"; };
		C476A8FD2C9B974100397CCF /* RecoverPassword.storyboard */ = {isa = PBXFileReference; lastKnownFileType = file.storyboard; path = RecoverPassword.storyboard; sourceTree = "<group>"; };
		C476A8FE2C9B974100397CCF /* RecoverPasswordViewController.swift */ = {isa = PBXFileReference; lastKnownFileType = sourcecode.swift; path = RecoverPasswordViewController.swift; sourceTree = "<group>"; };
		C476A9002C9B974100397CCF /* RegisterVC.storyboard */ = {isa = PBXFileReference; lastKnownFileType = file.storyboard; path = RegisterVC.storyboard; sourceTree = "<group>"; };
		C476A9012C9B974100397CCF /* RegisterVC.swift */ = {isa = PBXFileReference; lastKnownFileType = sourcecode.swift; path = RegisterVC.swift; sourceTree = "<group>"; };
		C476A90A2C9B97ED00397CCF /* TabBarController.swift */ = {isa = PBXFileReference; lastKnownFileType = sourcecode.swift; path = TabBarController.swift; sourceTree = "<group>"; };
		C476A90C2C9B998800397CCF /* Login.storyboard */ = {isa = PBXFileReference; lastKnownFileType = file.storyboard; path = Login.storyboard; sourceTree = "<group>"; };
/* End PBXFileReference section */

/* Begin PBXFrameworksBuildPhase section */
		11A5BB8A2C7414C5000FEE6F /* Frameworks */ = {
			isa = PBXFrameworksBuildPhase;
			buildActionMask = 2147483647;
			files = (
				110041FB2CB5D653008F55F5 /* FirebaseVertexAI-Preview in Frameworks */,
				110041E52CB5D653008F55F5 /* FirebaseFirestoreCombine-Community in Frameworks */,
				110041E72CB5D653008F55F5 /* FirebaseFunctions in Frameworks */,
				110041F32CB5D653008F55F5 /* FirebasePerformance in Frameworks */,
				110041F92CB5D653008F55F5 /* FirebaseStorageCombine-Community in Frameworks */,
				110041F52CB5D653008F55F5 /* FirebaseRemoteConfig in Frameworks */,
				110041DF2CB5D653008F55F5 /* FirebaseDatabase in Frameworks */,
				110041E12CB5D653008F55F5 /* FirebaseDynamicLinks in Frameworks */,
				110041D32CB5D653008F55F5 /* FirebaseAppCheck in Frameworks */,
				110041D72CB5D653008F55F5 /* FirebaseAuth in Frameworks */,
				110041CD2CB5D653008F55F5 /* FirebaseAnalytics in Frameworks */,
				110041E32CB5D653008F55F5 /* FirebaseFirestore in Frameworks */,
				110041F12CB5D653008F55F5 /* FirebaseMessaging in Frameworks */,
				110041ED2CB5D653008F55F5 /* FirebaseInstallations in Frameworks */,
				110041E92CB5D653008F55F5 /* FirebaseFunctionsCombine-Community in Frameworks */,
				110041D52CB5D653008F55F5 /* FirebaseAppDistribution-Beta in Frameworks */,
				110041D12CB5D653008F55F5 /* FirebaseAnalyticsWithoutAdIdSupport in Frameworks */,
				110041EB2CB5D653008F55F5 /* FirebaseInAppMessaging-Beta in Frameworks */,
				110041D92CB5D653008F55F5 /* FirebaseAuthCombine-Community in Frameworks */,
				110041DD2CB5D653008F55F5 /* FirebaseCrashlytics in Frameworks */,
				110041EF2CB5D653008F55F5 /* FirebaseMLModelDownloader in Frameworks */,
				110041F72CB5D653008F55F5 /* FirebaseStorage in Frameworks */,
				110041DB2CB5D653008F55F5 /* FirebaseCore in Frameworks */,
				110041CF2CB5D653008F55F5 /* FirebaseAnalyticsOnDeviceConversion in Frameworks */,
			);
			runOnlyForDeploymentPostprocessing = 0;
		};
/* End PBXFrameworksBuildPhase section */

/* Begin PBXGroup section */
		012EC2C02C78CE3200A88353 /* Detail */ = {
			isa = PBXGroup;
			children = (
				012EC2C12C78CE6C00A88353 /* DetailListViewController.swift */,
				012EC2C32C78CE7C00A88353 /* DetailListStoryboard.storyboard */,
				017D6D612C9E1DB10073EFD2 /* DetailListCollectionViewCell.swift */,
				017D6D622C9E1DB10073EFD2 /* DetailListCollectionViewCell.xib */,
			);
			path = Detail;
			sourceTree = "<group>";
		};
		015E1EBC2C9BBC1900D06BD8 /* Recovered References */ = {
			isa = PBXGroup;
			children = (
			);
			name = "Recovered References";
			sourceTree = "<group>";
		};
		015E1EBE2C9BBC4100D06BD8 /* Menu */ = {
			isa = PBXGroup;
			children = (
				015E1EBD2C9BBC4100D06BD8 /* MenuTableViewCell.swift */,
			);
			path = Menu;
			sourceTree = "<group>";
		};
		015E1EC12C9BBC4100D06BD8 /* PersonalData */ = {
			isa = PBXGroup;
			children = (
				015E1EBF2C9BBC4100D06BD8 /* PersonalDataViewController.swift */,
				015E1EC02C9BBC4100D06BD8 /* PersonDataStoryboard.storyboard */,
			);
			path = PersonalData;
			sourceTree = "<group>";
		};
		015E1EC42C9BBC4100D06BD8 /* Profile */ = {
			isa = PBXGroup;
			children = (
				015E1EBE2C9BBC4100D06BD8 /* Menu */,
				015E1EC12C9BBC4100D06BD8 /* PersonalData */,
				015E1EC22C9BBC4100D06BD8 /* ProfileStoryboard.storyboard */,
				015E1ECA2C9BBCBC00D06BD8 /* ProfileViewController.swift */,
				015E1EC32C9BBC4100D06BD8 /* ProfileViewModel.swift */,
			);
			path = Profile;
			sourceTree = "<group>";
		};
		015E1ECE2C9BBCE500D06BD8 /* Home */ = {
			isa = PBXGroup;
			children = (
				01F368592C9CD0EF00D5674F /* Model */,
				01F368512C9CB75600D5674F /* CollectionViewCell */,
				01F368502C9CB74600D5674F /* TableViewCell */,
				01F368462C9BC6EE00D5674F /* HomeStoryboard.storyboard */,
				01F368482C9BC70000D5674F /* HomeViewController.swift */,
			);
			path = Home;
			sourceTree = "<group>";
		};
		017611B92C753C2500CB2A08 /* Components */ = {
			isa = PBXGroup;
			children = (
				C476A90A2C9B97ED00397CCF /* TabBarController.swift */,
				017611BA2C753C4700CB2A08 /* EmptyTableView.swift */,
				012EC2BE2C77AFEF00A88353 /* Helper.swift */,
				012EC2C52C78F47100A88353 /* UIViewController+Extension.swift */,
			);
			path = Components;
			sourceTree = "<group>";
		};
		017611C02C758D3500CB2A08 /* Extensions */ = {
			isa = PBXGroup;
			children = (
				017611C92C75916E00CB2A08 /* Image */,
				017611C12C758D4500CB2A08 /* Color */,
				015E75762C7D426A00EDAA26 /* IdentifieCell.swift */,
			);
			path = Extensions;
			sourceTree = "<group>";
		};
		017611C12C758D4500CB2A08 /* Color */ = {
			isa = PBXGroup;
			children = (
				017611C22C758D6200CB2A08 /* UIColor+Extension.swift */,
				017611C42C758D7C00CB2A08 /* CFColor.swift */,
			);
			path = Color;
			sourceTree = "<group>";
		};
		017611C92C75916E00CB2A08 /* Image */ = {
			isa = PBXGroup;
			children = (
				017611CA2C75918800CB2A08 /* UIImageView+Extension.swift */,
				017611CC2C7591C400CB2A08 /* CFImage.swift */,
			);
			path = Image;
			sourceTree = "<group>";
		};
		017611CE2C75939500CB2A08 /* Add */ = {
			isa = PBXGroup;
			children = (
				017611CF2C7593BC00CB2A08 /* AddListViewController.swift */,
				012EC2BC2C779A0300A88353 /* AddListStoryboard.storyboard */,
			);
			path = Add;
			sourceTree = "<group>";
		};
		01A3A2CD2C75138200689FA5 /* Storyboards */ = {
			isa = PBXGroup;
			children = (
				11A5BB9B2C7414C7000FEE6F /* LaunchScreen.storyboard */,
				11A5BB962C7414C5000FEE6F /* TabBar.storyboard */,
			);
			path = Storyboards;
			sourceTree = "<group>";
		};
		01A3A2D02C7513C100689FA5 /* Feature */ = {
			isa = PBXGroup;
			children = (
				11C3DF262C9BD73800126F7C /* Search */,
				015E1ECE2C9BBCE500D06BD8 /* Home */,
				015E1EC42C9BBC4100D06BD8 /* Profile */,
				C476A9032C9B974100397CCF /* Auth */,
				11BCEBD62C9A7F0D0067D2CF /* ChangePassword */,
				A067CA2D2C9A5E6F0083E367 /* Welcome */,
				01A3A2D12C7513C900689FA5 /* List */,
			);
			path = Feature;
			sourceTree = "<group>";
		};
		01A3A2D12C7513C900689FA5 /* List */ = {
			isa = PBXGroup;
			children = (
				012EC2C02C78CE3200A88353 /* Detail */,
				017611CE2C75939500CB2A08 /* Add */,
				01A3A2D22C7513D600689FA5 /* ListViewController.swift */,
				017611BC2C75862600CB2A08 /* ListTableViewCell.swift */,
				017611C72C758EDF00CB2A08 /* ListViewModel.swift */,
				01A3A2CE2C7513AC00689FA5 /* ListStoryboard.storyboard */,
			);
			path = List;
			sourceTree = "<group>";
		};
		01A3A2D42C75173700689FA5 /* Default */ = {
			isa = PBXGroup;
			children = (
				11A5BB992C7414C7000FEE6F /* Assets.xcassets */,
				11A5BB902C7414C5000FEE6F /* AppDelegate.swift */,
				11A5BB922C7414C5000FEE6F /* SceneDelegate.swift */,
			);
			path = Default;
			sourceTree = "<group>";
		};
		01F368502C9CB74600D5674F /* TableViewCell */ = {
			isa = PBXGroup;
			children = (
				01F3684C2C9CB34A00D5674F /* HomeTableViewCell.swift */,
				01F3684D2C9CB34A00D5674F /* HomeTableViewCell.xib */,
			);
			path = TableViewCell;
			sourceTree = "<group>";
		};
		01F368512C9CB75600D5674F /* CollectionViewCell */ = {
			isa = PBXGroup;
			children = (
				01F368522C9CB77600D5674F /* HomeCollectionViewCell.swift */,
				01F368532C9CB77600D5674F /* HomeCollectionViewCell.xib */,
			);
			path = CollectionViewCell;
			sourceTree = "<group>";
		};
		01F368592C9CD0EF00D5674F /* Model */ = {
			isa = PBXGroup;
			children = (
				01F368562C9CBA8400D5674F /* CoverModel.swift */,
			);
			path = Model;
			sourceTree = "<group>";
		};
		117CAC792C9D066E00AC5CF0 /* cell */ = {
			isa = PBXGroup;
			children = (
				117CAC772C9D066E00AC5CF0 /* SearchResultTableViewCell.swift */,
				117CAC782C9D066E00AC5CF0 /* SearchResultTableViewCell.xib */,
			);
			path = cell;
			sourceTree = "<group>";
		};
		117CAC7B2C9D066E00AC5CF0 /* Model */ = {
			isa = PBXGroup;
			children = (
				117CAC7A2C9D066E00AC5CF0 /* ResultModel.swift */,
			);
			path = Model;
			sourceTree = "<group>";
		};
		117CAC7E2C9D066E00AC5CF0 /* Result */ = {
			isa = PBXGroup;
			children = (
				117CAC792C9D066E00AC5CF0 /* cell */,
				117CAC7B2C9D066E00AC5CF0 /* Model */,
				117CAC7C2C9D066E00AC5CF0 /* SearchResult.storyboard */,
				117CAC7D2C9D066E00AC5CF0 /* SearchResultViewController.swift */,
			);
			path = Result;
			sourceTree = "<group>";
		};
		11A5BB842C7414C5000FEE6F = {
			isa = PBXGroup;
			children = (
				11A5BB8F2C7414C5000FEE6F /* CineFlow */,
				11A5BB8E2C7414C5000FEE6F /* Products */,
				015E1EBC2C9BBC1900D06BD8 /* Recovered References */,
			);
			sourceTree = "<group>";
		};
		11A5BB8E2C7414C5000FEE6F /* Products */ = {
			isa = PBXGroup;
			children = (
				11A5BB8D2C7414C5000FEE6F /* CineFlow.app */,
			);
			name = Products;
			sourceTree = "<group>";
		};
		11A5BB8F2C7414C5000FEE6F /* CineFlow */ = {
			isa = PBXGroup;
			children = (
				A008D89D2C9C918500C339C9 /* ContentDatailsScreen */,
				017611C02C758D3500CB2A08 /* Extensions */,
				017611B92C753C2500CB2A08 /* Components */,
				01A3A2D42C75173700689FA5 /* Default */,
				01A3A2D02C7513C100689FA5 /* Feature */,
				01A3A2CD2C75138200689FA5 /* Storyboards */,
				11A5BB9E2C7414C7000FEE6F /* Info.plist */,
				110041C92CB5D569008F55F5 /* GoogleService-Info.plist */,
			);
			path = CineFlow;
			sourceTree = "<group>";
		};
		11BCEBD62C9A7F0D0067D2CF /* ChangePassword */ = {
			isa = PBXGroup;
			children = (
				11BCEBD82C9A7F4A0067D2CF /* ChangePasswordStoryboard.storyboard */,
				11BCEBDA2C9A7F620067D2CF /* ChangePasswordViewController.swift */,
			);
			path = ChangePassword;
			sourceTree = "<group>";
		};
		11C3DF262C9BD73800126F7C /* Search */ = {
			isa = PBXGroup;
			children = (
				117CAC7E2C9D066E00AC5CF0 /* Result */,
				11C3DF272C9BD74A00126F7C /* Genre */,
			);
			path = Search;
			sourceTree = "<group>";
		};
		11C3DF272C9BD74A00126F7C /* Genre */ = {
			isa = PBXGroup;
			children = (
				11C3DF282C9BD77000126F7C /* GenreSearch.storyboard */,
				11C3DF2A2C9BDD0400126F7C /* GenreSearchViewController.swift */,
			);
			path = Genre;
			sourceTree = "<group>";
		};
		A008D89D2C9C918500C339C9 /* ContentDatailsScreen */ = {
			isa = PBXGroup;
			children = (
				A008D89E2C9C918500C339C9 /* Cells */,
				A008D8B32C9C918500C339C9 /* ContentDetailsVC.swift */,
				A008D8B42C9C918500C339C9 /* ContentDetailsVC.storyboard */,
				A008D8B52C9C918500C339C9 /* Model */,
			);
			path = ContentDatailsScreen;
			sourceTree = "<group>";
		};
		A008D89E2C9C918500C339C9 /* Cells */ = {
			isa = PBXGroup;
			children = (
				A008D89F2C9C918500C339C9 /* ImageCells */,
				A008D8A62C9C918500C339C9 /* ActorsCells */,
				A008D8AD2C9C918500C339C9 /* DescriptionCell */,
				A008D8B02C9C918500C339C9 /* ContentHeaderCell */,
			);
			path = Cells;
			sourceTree = "<group>";
		};
		A008D89F2C9C918500C339C9 /* ImageCells */ = {
			isa = PBXGroup;
			children = (
				A008D8A02C9C918500C339C9 /* MovieImageCell */,
				A008D8A32C9C918500C339C9 /* MovieImageCollectionCell */,
			);
			path = ImageCells;
			sourceTree = "<group>";
		};
		A008D8A02C9C918500C339C9 /* MovieImageCell */ = {
			isa = PBXGroup;
			children = (
				A008D8A12C9C918500C339C9 /* MovieImagesCell.swift */,
				A008D8A22C9C918500C339C9 /* MovieImagesCell.xib */,
			);
			path = MovieImageCell;
			sourceTree = "<group>";
		};
		A008D8A32C9C918500C339C9 /* MovieImageCollectionCell */ = {
			isa = PBXGroup;
			children = (
				A008D8A42C9C918500C339C9 /* MovieImageCollectionCell.swift */,
				A008D8A52C9C918500C339C9 /* MovieImageCollectionCell.xib */,
			);
			path = MovieImageCollectionCell;
			sourceTree = "<group>";
		};
		A008D8A62C9C918500C339C9 /* ActorsCells */ = {
			isa = PBXGroup;
			children = (
				A008D8A72C9C918500C339C9 /* ActorsCollectionCell */,
				A008D8AA2C9C918500C339C9 /* ActorsCell */,
			);
			path = ActorsCells;
			sourceTree = "<group>";
		};
		A008D8A72C9C918500C339C9 /* ActorsCollectionCell */ = {
			isa = PBXGroup;
			children = (
				A008D8A82C9C918500C339C9 /* ActorsCollectionViewCell.xib */,
				A008D8A92C9C918500C339C9 /* ActorsCollectionViewCell.swift */,
			);
			path = ActorsCollectionCell;
			sourceTree = "<group>";
		};
		A008D8AA2C9C918500C339C9 /* ActorsCell */ = {
			isa = PBXGroup;
			children = (
				A008D8AB2C9C918500C339C9 /* ActorsCell.swift */,
				A008D8AC2C9C918500C339C9 /* ActorsCell.xib */,
			);
			path = ActorsCell;
			sourceTree = "<group>";
		};
		A008D8AD2C9C918500C339C9 /* DescriptionCell */ = {
			isa = PBXGroup;
			children = (
				A008D8AE2C9C918500C339C9 /* DescriptionCell.xib */,
				A008D8AF2C9C918500C339C9 /* DescriptionCell.swift */,
			);
			path = DescriptionCell;
			sourceTree = "<group>";
		};
		A008D8B02C9C918500C339C9 /* ContentHeaderCell */ = {
			isa = PBXGroup;
			children = (
				A008D8B12C9C918500C339C9 /* ContentHeaderCell.swift */,
				A008D8B22C9C918500C339C9 /* ContentHeaderCell.xib */,
			);
			path = ContentHeaderCell;
			sourceTree = "<group>";
		};
		A008D8B52C9C918500C339C9 /* Model */ = {
			isa = PBXGroup;
			children = (
				A008D8B62C9C918500C339C9 /* Photos.swift */,
				A008D8B72C9C918500C339C9 /* Actors.swift */,
				A008D8B82C9C918500C339C9 /* MovieDescription.swift */,
				A008D8B92C9C918500C339C9 /* datails.swift */,
			);
			path = Model;
			sourceTree = "<group>";
		};
		A067CA2D2C9A5E6F0083E367 /* Welcome */ = {
			isa = PBXGroup;
			children = (
				A067CA2E2C9A5E6F0083E367 /* WelcomeViewController.swift */,
				A067CA2F2C9A5E6F0083E367 /* WelcomeStoryboard.storyboard */,
			);
			path = Welcome;
			sourceTree = "<group>";
		};
		C476A8FC2C9B974100397CCF /* Login */ = {
			isa = PBXGroup;
			children = (
				C476A90C2C9B998800397CCF /* Login.storyboard */,
				C476A8FB2C9B974100397CCF /* LoginViewController.swift */,
			);
			path = Login;
			sourceTree = "<group>";
		};
		C476A8FF2C9B974100397CCF /* RecoverPassword */ = {
			isa = PBXGroup;
			children = (
				C476A8FD2C9B974100397CCF /* RecoverPassword.storyboard */,
				C476A8FE2C9B974100397CCF /* RecoverPasswordViewController.swift */,
			);
			path = RecoverPassword;
			sourceTree = "<group>";
		};
		C476A9022C9B974100397CCF /* RegisterScreen */ = {
			isa = PBXGroup;
			children = (
				C476A9012C9B974100397CCF /* RegisterVC.swift */,
				C476A9002C9B974100397CCF /* RegisterVC.storyboard */,
			);
			path = RegisterScreen;
			sourceTree = "<group>";
		};
		C476A9032C9B974100397CCF /* Auth */ = {
			isa = PBXGroup;
			children = (
				C476A8FC2C9B974100397CCF /* Login */,
				C476A8FF2C9B974100397CCF /* RecoverPassword */,
				C476A9022C9B974100397CCF /* RegisterScreen */,
			);
			path = Auth;
			sourceTree = "<group>";
		};
/* End PBXGroup section */

/* Begin PBXNativeTarget section */
		11A5BB8C2C7414C5000FEE6F /* CineFlow */ = {
			isa = PBXNativeTarget;
			buildConfigurationList = 11A5BBA12C7414C7000FEE6F /* Build configuration list for PBXNativeTarget "CineFlow" */;
			buildPhases = (
				11A5BB892C7414C5000FEE6F /* Sources */,
				11A5BB8A2C7414C5000FEE6F /* Frameworks */,
				11A5BB8B2C7414C5000FEE6F /* Resources */,
			);
			buildRules = (
			);
			dependencies = (
			);
			name = CineFlow;
			productName = CineFlow;
			productReference = 11A5BB8D2C7414C5000FEE6F /* CineFlow.app */;
			productType = "com.apple.product-type.application";
		};
/* End PBXNativeTarget section */

/* Begin PBXProject section */
		11A5BB852C7414C5000FEE6F /* Project object */ = {
			isa = PBXProject;
			attributes = {
				BuildIndependentTargetsInParallel = 1;
				LastSwiftUpdateCheck = 1540;
				LastUpgradeCheck = 1540;
				TargetAttributes = {
					11A5BB8C2C7414C5000FEE6F = {
						CreatedOnToolsVersion = 15.4;
					};
				};
			};
			buildConfigurationList = 11A5BB882C7414C5000FEE6F /* Build configuration list for PBXProject "CineFlow" */;
			compatibilityVersion = "Xcode 14.0";
			developmentRegion = en;
			hasScannedForEncodings = 0;
			knownRegions = (
				en,
				Base,
			);
			mainGroup = 11A5BB842C7414C5000FEE6F;
			packageReferences = (
				110041CB2CB5D653008F55F5 /* XCRemoteSwiftPackageReference "firebase-ios-sdk" */,
			);
			productRefGroup = 11A5BB8E2C7414C5000FEE6F /* Products */;
			projectDirPath = "";
			projectRoot = "";
			targets = (
				11A5BB8C2C7414C5000FEE6F /* CineFlow */,
			);
		};
/* End PBXProject section */

/* Begin PBXResourcesBuildPhase section */
		11A5BB8B2C7414C5000FEE6F /* Resources */ = {
			isa = PBXResourcesBuildPhase;
			buildActionMask = 2147483647;
			files = (
				11BCEBD92C9A7F4A0067D2CF /* ChangePasswordStoryboard.storyboard in Resources */,
				A067CA312C9A5E6F0083E367 /* WelcomeStoryboard.storyboard in Resources */,
				A008D8BE2C9C918500C339C9 /* ActorsCollectionViewCell.xib in Resources */,
				015E1EC72C9BBC4100D06BD8 /* PersonDataStoryboard.storyboard in Resources */,
				017D6D632C9E1DB10073EFD2 /* DetailListCollectionViewCell.xib in Resources */,
				012EC2C42C78CE7C00A88353 /* DetailListStoryboard.storyboard in Resources */,
				01F368472C9BC6EE00D5674F /* HomeStoryboard.storyboard in Resources */,
				11A5BB9A2C7414C7000FEE6F /* Assets.xcassets in Resources */,
				01A3A2CF2C7513AC00689FA5 /* ListStoryboard.storyboard in Resources */,
				11A5BB9D2C7414C7000FEE6F /* Base in Resources */,
				A008D8C72C9C918500C339C9 /* ContentDetailsVC.storyboard in Resources */,
				C476A9072C9B974100397CCF /* RecoverPassword.storyboard in Resources */,
				A008D8BD2C9C918500C339C9 /* MovieImageCollectionCell.xib in Resources */,
				110041CA2CB5D569008F55F5 /* GoogleService-Info.plist in Resources */,
				A008D8C52C9C918500C339C9 /* ContentHeaderCell.xib in Resources */,
				C476A9082C9B974100397CCF /* RegisterVC.storyboard in Resources */,
				11C3DF292C9BD77000126F7C /* GenreSearch.storyboard in Resources */,
				A008D8BB2C9C918500C339C9 /* MovieImagesCell.xib in Resources */,
				012EC2BD2C779A0300A88353 /* AddListStoryboard.storyboard in Resources */,
				01F368542C9CB77600D5674F /* HomeCollectionViewCell.xib in Resources */,
				015E1EC82C9BBC4100D06BD8 /* ProfileStoryboard.storyboard in Resources */,
				A008D8C12C9C918500C339C9 /* ActorsCell.xib in Resources */,
				A008D8C22C9C918500C339C9 /* DescriptionCell.xib in Resources */,
				11A5BB982C7414C5000FEE6F /* Base in Resources */,
				01F3684E2C9CB34A00D5674F /* HomeTableViewCell.xib in Resources */,
				C476A90D2C9B998800397CCF /* Login.storyboard in Resources */,
				117CAC7F2C9D066E00AC5CF0 /* SearchResult.storyboard in Resources */,
				117CAC802C9D066E00AC5CF0 /* SearchResultTableViewCell.xib in Resources */,
			);
			runOnlyForDeploymentPostprocessing = 0;
		};
/* End PBXResourcesBuildPhase section */

/* Begin PBXSourcesBuildPhase section */
		11A5BB892C7414C5000FEE6F /* Sources */ = {
			isa = PBXSourcesBuildPhase;
			buildActionMask = 2147483647;
			files = (
				A008D8C82C9C918500C339C9 /* Photos.swift in Sources */,
				017611C52C758D7C00CB2A08 /* CFColor.swift in Sources */,
				015E1EC52C9BBC4100D06BD8 /* MenuTableViewCell.swift in Sources */,
				A008D8C62C9C918500C339C9 /* ContentDetailsVC.swift in Sources */,
				012EC2C22C78CE6C00A88353 /* DetailListViewController.swift in Sources */,
				017611C32C758D6200CB2A08 /* UIColor+Extension.swift in Sources */,
				A008D8CB2C9C918500C339C9 /* datails.swift in Sources */,
				01F368552C9CB77600D5674F /* HomeCollectionViewCell.swift in Sources */,
				017611C52C758D7C00CB2A08 /* CFColor.swift in Sources */,
				015E1EC52C9BBC4100D06BD8 /* MenuTableViewCell.swift in Sources */,
				01F3684F2C9CB34A00D5674F /* HomeTableViewCell.swift in Sources */,
				012EC2C22C78CE6C00A88353 /* DetailListViewController.swift in Sources */,
				017611C32C758D6200CB2A08 /* UIColor+Extension.swift in Sources */,
				012EC2C62C78F47100A88353 /* UIViewController+Extension.swift in Sources */,
				017611CD2C7591C400CB2A08 /* CFImage.swift in Sources */,
				11BCEBDB2C9A7F620067D2CF /* ChangePasswordViewController.swift in Sources */,
				015E1EC62C9BBC4100D06BD8 /* PersonalDataViewController.swift in Sources */,
				117CAC812C9D066E00AC5CF0 /* SearchResultViewController.swift in Sources */,
				117CAC822C9D066E00AC5CF0 /* ResultModel.swift in Sources */,
				117CAC832C9D066E00AC5CF0 /* SearchResultTableViewCell.swift in Sources */,
				A067CA302C9A5E6F0083E367 /* WelcomeViewController.swift in Sources */,
				11A5BB912C7414C5000FEE6F /* AppDelegate.swift in Sources */,
				01A3A2D32C7513D600689FA5 /* ListViewController.swift in Sources */,
				015E1ECB2C9BBCBC00D06BD8 /* ProfileViewController.swift in Sources */,
				017611D02C7593BC00CB2A08 /* AddListViewController.swift in Sources */,
				017611C82C758EDF00CB2A08 /* ListViewModel.swift in Sources */,
				01F368492C9BC70000D5674F /* HomeViewController.swift in Sources */,
				01F368572C9CBA8400D5674F /* CoverModel.swift in Sources */,
				017611BB2C753C4700CB2A08 /* EmptyTableView.swift in Sources */,
				A008D8C92C9C918500C339C9 /* Actors.swift in Sources */,
				A008D8CA2C9C918500C339C9 /* MovieDescription.swift in Sources */,
				017D6D642C9E1DB10073EFD2 /* DetailListCollectionViewCell.swift in Sources */,
				017611CB2C75918800CB2A08 /* UIImageView+Extension.swift in Sources */,
				C476A90B2C9B97ED00397CCF /* TabBarController.swift in Sources */,
				A008D8BC2C9C918500C339C9 /* MovieImageCollectionCell.swift in Sources */,
				012EC2BF2C77AFEF00A88353 /* Helper.swift in Sources */,
				A008D8C42C9C918500C339C9 /* ContentHeaderCell.swift in Sources */,
				A008D8C32C9C918500C339C9 /* DescriptionCell.swift in Sources */,
				11A5BB932C7414C5000FEE6F /* SceneDelegate.swift in Sources */,
				017611BD2C75862600CB2A08 /* ListTableViewCell.swift in Sources */,
				C476A9042C9B974100397CCF /* RecoverPasswordViewController.swift in Sources */,
				A008D8C02C9C918500C339C9 /* ActorsCell.swift in Sources */,
				015E1EC92C9BBC4100D06BD8 /* ProfileViewModel.swift in Sources */,
				C476A9052C9B974100397CCF /* RegisterVC.swift in Sources */,
				A008D8BA2C9C918500C339C9 /* MovieImagesCell.swift in Sources */,
				11C3DF2B2C9BDD0400126F7C /* GenreSearchViewController.swift in Sources */,
				A008D8BF2C9C918500C339C9 /* ActorsCollectionViewCell.swift in Sources */,
				C476A9062C9B974100397CCF /* LoginViewController.swift in Sources */,
				015E75772C7D426A00EDAA26 /* IdentifieCell.swift in Sources */,
			);
			runOnlyForDeploymentPostprocessing = 0;
		};
/* End PBXSourcesBuildPhase section */

/* Begin PBXVariantGroup section */
		11A5BB962C7414C5000FEE6F /* TabBar.storyboard */ = {
			isa = PBXVariantGroup;
			children = (
				11A5BB972C7414C5000FEE6F /* Base */,
			);
			name = TabBar.storyboard;
			sourceTree = "<group>";
		};
		11A5BB9B2C7414C7000FEE6F /* LaunchScreen.storyboard */ = {
			isa = PBXVariantGroup;
			children = (
				11A5BB9C2C7414C7000FEE6F /* Base */,
			);
			name = LaunchScreen.storyboard;
			sourceTree = "<group>";
		};
/* End PBXVariantGroup section */

/* Begin XCBuildConfiguration section */
		11A5BB9F2C7414C7000FEE6F /* Debug */ = {
			isa = XCBuildConfiguration;
			buildSettings = {
				ALWAYS_SEARCH_USER_PATHS = NO;
				ASSETCATALOG_COMPILER_GENERATE_SWIFT_ASSET_SYMBOL_EXTENSIONS = YES;
				CLANG_ANALYZER_NONNULL = YES;
				CLANG_ANALYZER_NUMBER_OBJECT_CONVERSION = YES_AGGRESSIVE;
				CLANG_CXX_LANGUAGE_STANDARD = "gnu++20";
				CLANG_ENABLE_MODULES = YES;
				CLANG_ENABLE_OBJC_ARC = YES;
				CLANG_ENABLE_OBJC_WEAK = YES;
				CLANG_WARN_BLOCK_CAPTURE_AUTORELEASING = YES;
				CLANG_WARN_BOOL_CONVERSION = YES;
				CLANG_WARN_COMMA = YES;
				CLANG_WARN_CONSTANT_CONVERSION = YES;
				CLANG_WARN_DEPRECATED_OBJC_IMPLEMENTATIONS = YES;
				CLANG_WARN_DIRECT_OBJC_ISA_USAGE = YES_ERROR;
				CLANG_WARN_DOCUMENTATION_COMMENTS = YES;
				CLANG_WARN_EMPTY_BODY = YES;
				CLANG_WARN_ENUM_CONVERSION = YES;
				CLANG_WARN_INFINITE_RECURSION = YES;
				CLANG_WARN_INT_CONVERSION = YES;
				CLANG_WARN_NON_LITERAL_NULL_CONVERSION = YES;
				CLANG_WARN_OBJC_IMPLICIT_RETAIN_SELF = YES;
				CLANG_WARN_OBJC_LITERAL_CONVERSION = YES;
				CLANG_WARN_OBJC_ROOT_CLASS = YES_ERROR;
				CLANG_WARN_QUOTED_INCLUDE_IN_FRAMEWORK_HEADER = YES;
				CLANG_WARN_RANGE_LOOP_ANALYSIS = YES;
				CLANG_WARN_STRICT_PROTOTYPES = YES;
				CLANG_WARN_SUSPICIOUS_MOVE = YES;
				CLANG_WARN_UNGUARDED_AVAILABILITY = YES_AGGRESSIVE;
				CLANG_WARN_UNREACHABLE_CODE = YES;
				CLANG_WARN__DUPLICATE_METHOD_MATCH = YES;
				COPY_PHASE_STRIP = NO;
				DEBUG_INFORMATION_FORMAT = dwarf;
				ENABLE_STRICT_OBJC_MSGSEND = YES;
				ENABLE_TESTABILITY = YES;
				ENABLE_USER_SCRIPT_SANDBOXING = YES;
				GCC_C_LANGUAGE_STANDARD = gnu17;
				GCC_DYNAMIC_NO_PIC = NO;
				GCC_NO_COMMON_BLOCKS = YES;
				GCC_OPTIMIZATION_LEVEL = 0;
				GCC_PREPROCESSOR_DEFINITIONS = (
					"DEBUG=1",
					"$(inherited)",
				);
				GCC_WARN_64_TO_32_BIT_CONVERSION = YES;
				GCC_WARN_ABOUT_RETURN_TYPE = YES_ERROR;
				GCC_WARN_UNDECLARED_SELECTOR = YES;
				GCC_WARN_UNINITIALIZED_AUTOS = YES_AGGRESSIVE;
				GCC_WARN_UNUSED_FUNCTION = YES;
				GCC_WARN_UNUSED_VARIABLE = YES;
				IPHONEOS_DEPLOYMENT_TARGET = 17.5;
				LOCALIZATION_PREFERS_STRING_CATALOGS = YES;
				MTL_ENABLE_DEBUG_INFO = INCLUDE_SOURCE;
				MTL_FAST_MATH = YES;
				ONLY_ACTIVE_ARCH = YES;
				SDKROOT = iphoneos;
				SWIFT_ACTIVE_COMPILATION_CONDITIONS = "DEBUG $(inherited)";
				SWIFT_OPTIMIZATION_LEVEL = "-Onone";
			};
			name = Debug;
		};
		11A5BBA02C7414C7000FEE6F /* Release */ = {
			isa = XCBuildConfiguration;
			buildSettings = {
				ALWAYS_SEARCH_USER_PATHS = NO;
				ASSETCATALOG_COMPILER_GENERATE_SWIFT_ASSET_SYMBOL_EXTENSIONS = YES;
				CLANG_ANALYZER_NONNULL = YES;
				CLANG_ANALYZER_NUMBER_OBJECT_CONVERSION = YES_AGGRESSIVE;
				CLANG_CXX_LANGUAGE_STANDARD = "gnu++20";
				CLANG_ENABLE_MODULES = YES;
				CLANG_ENABLE_OBJC_ARC = YES;
				CLANG_ENABLE_OBJC_WEAK = YES;
				CLANG_WARN_BLOCK_CAPTURE_AUTORELEASING = YES;
				CLANG_WARN_BOOL_CONVERSION = YES;
				CLANG_WARN_COMMA = YES;
				CLANG_WARN_CONSTANT_CONVERSION = YES;
				CLANG_WARN_DEPRECATED_OBJC_IMPLEMENTATIONS = YES;
				CLANG_WARN_DIRECT_OBJC_ISA_USAGE = YES_ERROR;
				CLANG_WARN_DOCUMENTATION_COMMENTS = YES;
				CLANG_WARN_EMPTY_BODY = YES;
				CLANG_WARN_ENUM_CONVERSION = YES;
				CLANG_WARN_INFINITE_RECURSION = YES;
				CLANG_WARN_INT_CONVERSION = YES;
				CLANG_WARN_NON_LITERAL_NULL_CONVERSION = YES;
				CLANG_WARN_OBJC_IMPLICIT_RETAIN_SELF = YES;
				CLANG_WARN_OBJC_LITERAL_CONVERSION = YES;
				CLANG_WARN_OBJC_ROOT_CLASS = YES_ERROR;
				CLANG_WARN_QUOTED_INCLUDE_IN_FRAMEWORK_HEADER = YES;
				CLANG_WARN_RANGE_LOOP_ANALYSIS = YES;
				CLANG_WARN_STRICT_PROTOTYPES = YES;
				CLANG_WARN_SUSPICIOUS_MOVE = YES;
				CLANG_WARN_UNGUARDED_AVAILABILITY = YES_AGGRESSIVE;
				CLANG_WARN_UNREACHABLE_CODE = YES;
				CLANG_WARN__DUPLICATE_METHOD_MATCH = YES;
				COPY_PHASE_STRIP = NO;
				DEBUG_INFORMATION_FORMAT = "dwarf-with-dsym";
				ENABLE_NS_ASSERTIONS = NO;
				ENABLE_STRICT_OBJC_MSGSEND = YES;
				ENABLE_USER_SCRIPT_SANDBOXING = YES;
				GCC_C_LANGUAGE_STANDARD = gnu17;
				GCC_NO_COMMON_BLOCKS = YES;
				GCC_WARN_64_TO_32_BIT_CONVERSION = YES;
				GCC_WARN_ABOUT_RETURN_TYPE = YES_ERROR;
				GCC_WARN_UNDECLARED_SELECTOR = YES;
				GCC_WARN_UNINITIALIZED_AUTOS = YES_AGGRESSIVE;
				GCC_WARN_UNUSED_FUNCTION = YES;
				GCC_WARN_UNUSED_VARIABLE = YES;
				IPHONEOS_DEPLOYMENT_TARGET = 17.5;
				LOCALIZATION_PREFERS_STRING_CATALOGS = YES;
				MTL_ENABLE_DEBUG_INFO = NO;
				MTL_FAST_MATH = YES;
				SDKROOT = iphoneos;
				SWIFT_COMPILATION_MODE = wholemodule;
				VALIDATE_PRODUCT = YES;
			};
			name = Release;
		};
		11A5BBA22C7414C7000FEE6F /* Debug */ = {
			isa = XCBuildConfiguration;
			buildSettings = {
				ASSETCATALOG_COMPILER_APPICON_NAME = AppIcon;
				ASSETCATALOG_COMPILER_GLOBAL_ACCENT_COLOR_NAME = AccentColor;
				CODE_SIGN_STYLE = Automatic;
				CURRENT_PROJECT_VERSION = 1;
				DEVELOPMENT_TEAM = NMYZ767V32;
				GENERATE_INFOPLIST_FILE = YES;
				INFOPLIST_FILE = CineFlow/Info.plist;
				INFOPLIST_KEY_UIApplicationSupportsIndirectInputEvents = YES;
				INFOPLIST_KEY_UILaunchStoryboardName = LaunchScreen;
				INFOPLIST_KEY_UIMainStoryboardFile = WelcomeStoryboard;
				INFOPLIST_KEY_UISupportedInterfaceOrientations_iPad = "UIInterfaceOrientationPortrait UIInterfaceOrientationPortraitUpsideDown UIInterfaceOrientationLandscapeLeft UIInterfaceOrientationLandscapeRight";
				INFOPLIST_KEY_UISupportedInterfaceOrientations_iPhone = "UIInterfaceOrientationPortrait UIInterfaceOrientationLandscapeLeft UIInterfaceOrientationLandscapeRight";
				IPHONEOS_DEPLOYMENT_TARGET = 17.0;
				LD_RUNPATH_SEARCH_PATHS = (
					"$(inherited)",
					"@executable_path/Frameworks",
				);
				MARKETING_VERSION = 1.0;
				PRODUCT_BUNDLE_IDENTIFIER = com.wagnerrodrigues.CineFlow;
				PRODUCT_NAME = "$(TARGET_NAME)";
				SUPPORTED_PLATFORMS = "iphoneos iphonesimulator";
				SUPPORTS_MACCATALYST = NO;
				SUPPORTS_MAC_DESIGNED_FOR_IPHONE_IPAD = NO;
				SWIFT_EMIT_LOC_STRINGS = YES;
				SWIFT_VERSION = 5.0;
				TARGETED_DEVICE_FAMILY = "1,2";
			};
			name = Debug;
		};
		11A5BBA32C7414C7000FEE6F /* Release */ = {
			isa = XCBuildConfiguration;
			buildSettings = {
				ASSETCATALOG_COMPILER_APPICON_NAME = AppIcon;
				ASSETCATALOG_COMPILER_GLOBAL_ACCENT_COLOR_NAME = AccentColor;
				CODE_SIGN_STYLE = Automatic;
				CURRENT_PROJECT_VERSION = 1;
				DEVELOPMENT_TEAM = NMYZ767V32;
				GENERATE_INFOPLIST_FILE = YES;
				INFOPLIST_FILE = CineFlow/Info.plist;
				INFOPLIST_KEY_UIApplicationSupportsIndirectInputEvents = YES;
				INFOPLIST_KEY_UILaunchStoryboardName = LaunchScreen;
				INFOPLIST_KEY_UIMainStoryboardFile = WelcomeStoryboard;
				INFOPLIST_KEY_UISupportedInterfaceOrientations_iPad = "UIInterfaceOrientationPortrait UIInterfaceOrientationPortraitUpsideDown UIInterfaceOrientationLandscapeLeft UIInterfaceOrientationLandscapeRight";
				INFOPLIST_KEY_UISupportedInterfaceOrientations_iPhone = "UIInterfaceOrientationPortrait UIInterfaceOrientationLandscapeLeft UIInterfaceOrientationLandscapeRight";
				IPHONEOS_DEPLOYMENT_TARGET = 17.0;
				LD_RUNPATH_SEARCH_PATHS = (
					"$(inherited)",
					"@executable_path/Frameworks",
				);
				MARKETING_VERSION = 1.0;
				PRODUCT_BUNDLE_IDENTIFIER = com.wagnerrodrigues.CineFlow;
				PRODUCT_NAME = "$(TARGET_NAME)";
				SUPPORTED_PLATFORMS = "iphoneos iphonesimulator";
				SUPPORTS_MACCATALYST = NO;
				SUPPORTS_MAC_DESIGNED_FOR_IPHONE_IPAD = NO;
				SWIFT_EMIT_LOC_STRINGS = YES;
				SWIFT_VERSION = 5.0;
				TARGETED_DEVICE_FAMILY = "1,2";
			};
			name = Release;
		};
/* End XCBuildConfiguration section */

/* Begin XCConfigurationList section */
		11A5BB882C7414C5000FEE6F /* Build configuration list for PBXProject "CineFlow" */ = {
			isa = XCConfigurationList;
			buildConfigurations = (
				11A5BB9F2C7414C7000FEE6F /* Debug */,
				11A5BBA02C7414C7000FEE6F /* Release */,
			);
			defaultConfigurationIsVisible = 0;
			defaultConfigurationName = Release;
		};
		11A5BBA12C7414C7000FEE6F /* Build configuration list for PBXNativeTarget "CineFlow" */ = {
			isa = XCConfigurationList;
			buildConfigurations = (
				11A5BBA22C7414C7000FEE6F /* Debug */,
				11A5BBA32C7414C7000FEE6F /* Release */,
			);
			defaultConfigurationIsVisible = 0;
			defaultConfigurationName = Release;
		};
/* End XCConfigurationList section */

/* Begin XCRemoteSwiftPackageReference section */
		110041CB2CB5D653008F55F5 /* XCRemoteSwiftPackageReference "firebase-ios-sdk" */ = {
			isa = XCRemoteSwiftPackageReference;
			repositoryURL = "https://github.com/firebase/firebase-ios-sdk";
			requirement = {
				kind = upToNextMajorVersion;
				minimumVersion = 11.3.0;
			};
		};
/* End XCRemoteSwiftPackageReference section */

/* Begin XCSwiftPackageProductDependency section */
		110041CC2CB5D653008F55F5 /* FirebaseAnalytics */ = {
			isa = XCSwiftPackageProductDependency;
			package = 110041CB2CB5D653008F55F5 /* XCRemoteSwiftPackageReference "firebase-ios-sdk" */;
			productName = FirebaseAnalytics;
		};
		110041CE2CB5D653008F55F5 /* FirebaseAnalyticsOnDeviceConversion */ = {
			isa = XCSwiftPackageProductDependency;
			package = 110041CB2CB5D653008F55F5 /* XCRemoteSwiftPackageReference "firebase-ios-sdk" */;
			productName = FirebaseAnalyticsOnDeviceConversion;
		};
		110041D02CB5D653008F55F5 /* FirebaseAnalyticsWithoutAdIdSupport */ = {
			isa = XCSwiftPackageProductDependency;
			package = 110041CB2CB5D653008F55F5 /* XCRemoteSwiftPackageReference "firebase-ios-sdk" */;
			productName = FirebaseAnalyticsWithoutAdIdSupport;
		};
		110041D22CB5D653008F55F5 /* FirebaseAppCheck */ = {
			isa = XCSwiftPackageProductDependency;
			package = 110041CB2CB5D653008F55F5 /* XCRemoteSwiftPackageReference "firebase-ios-sdk" */;
			productName = FirebaseAppCheck;
		};
		110041D42CB5D653008F55F5 /* FirebaseAppDistribution-Beta */ = {
			isa = XCSwiftPackageProductDependency;
			package = 110041CB2CB5D653008F55F5 /* XCRemoteSwiftPackageReference "firebase-ios-sdk" */;
			productName = "FirebaseAppDistribution-Beta";
		};
		110041D62CB5D653008F55F5 /* FirebaseAuth */ = {
			isa = XCSwiftPackageProductDependency;
			package = 110041CB2CB5D653008F55F5 /* XCRemoteSwiftPackageReference "firebase-ios-sdk" */;
			productName = FirebaseAuth;
		};
		110041D82CB5D653008F55F5 /* FirebaseAuthCombine-Community */ = {
			isa = XCSwiftPackageProductDependency;
			package = 110041CB2CB5D653008F55F5 /* XCRemoteSwiftPackageReference "firebase-ios-sdk" */;
			productName = "FirebaseAuthCombine-Community";
		};
		110041DA2CB5D653008F55F5 /* FirebaseCore */ = {
			isa = XCSwiftPackageProductDependency;
			package = 110041CB2CB5D653008F55F5 /* XCRemoteSwiftPackageReference "firebase-ios-sdk" */;
			productName = FirebaseCore;
		};
		110041DC2CB5D653008F55F5 /* FirebaseCrashlytics */ = {
			isa = XCSwiftPackageProductDependency;
			package = 110041CB2CB5D653008F55F5 /* XCRemoteSwiftPackageReference "firebase-ios-sdk" */;
			productName = FirebaseCrashlytics;
		};
		110041DE2CB5D653008F55F5 /* FirebaseDatabase */ = {
			isa = XCSwiftPackageProductDependency;
			package = 110041CB2CB5D653008F55F5 /* XCRemoteSwiftPackageReference "firebase-ios-sdk" */;
			productName = FirebaseDatabase;
		};
		110041E02CB5D653008F55F5 /* FirebaseDynamicLinks */ = {
			isa = XCSwiftPackageProductDependency;
			package = 110041CB2CB5D653008F55F5 /* XCRemoteSwiftPackageReference "firebase-ios-sdk" */;
			productName = FirebaseDynamicLinks;
		};
		110041E22CB5D653008F55F5 /* FirebaseFirestore */ = {
			isa = XCSwiftPackageProductDependency;
			package = 110041CB2CB5D653008F55F5 /* XCRemoteSwiftPackageReference "firebase-ios-sdk" */;
			productName = FirebaseFirestore;
		};
		110041E42CB5D653008F55F5 /* FirebaseFirestoreCombine-Community */ = {
			isa = XCSwiftPackageProductDependency;
			package = 110041CB2CB5D653008F55F5 /* XCRemoteSwiftPackageReference "firebase-ios-sdk" */;
			productName = "FirebaseFirestoreCombine-Community";
		};
		110041E62CB5D653008F55F5 /* FirebaseFunctions */ = {
			isa = XCSwiftPackageProductDependency;
			package = 110041CB2CB5D653008F55F5 /* XCRemoteSwiftPackageReference "firebase-ios-sdk" */;
			productName = FirebaseFunctions;
		};
		110041E82CB5D653008F55F5 /* FirebaseFunctionsCombine-Community */ = {
			isa = XCSwiftPackageProductDependency;
			package = 110041CB2CB5D653008F55F5 /* XCRemoteSwiftPackageReference "firebase-ios-sdk" */;
			productName = "FirebaseFunctionsCombine-Community";
		};
		110041EA2CB5D653008F55F5 /* FirebaseInAppMessaging-Beta */ = {
			isa = XCSwiftPackageProductDependency;
			package = 110041CB2CB5D653008F55F5 /* XCRemoteSwiftPackageReference "firebase-ios-sdk" */;
			productName = "FirebaseInAppMessaging-Beta";
		};
		110041EC2CB5D653008F55F5 /* FirebaseInstallations */ = {
			isa = XCSwiftPackageProductDependency;
			package = 110041CB2CB5D653008F55F5 /* XCRemoteSwiftPackageReference "firebase-ios-sdk" */;
			productName = FirebaseInstallations;
		};
		110041EE2CB5D653008F55F5 /* FirebaseMLModelDownloader */ = {
			isa = XCSwiftPackageProductDependency;
			package = 110041CB2CB5D653008F55F5 /* XCRemoteSwiftPackageReference "firebase-ios-sdk" */;
			productName = FirebaseMLModelDownloader;
		};
		110041F02CB5D653008F55F5 /* FirebaseMessaging */ = {
			isa = XCSwiftPackageProductDependency;
			package = 110041CB2CB5D653008F55F5 /* XCRemoteSwiftPackageReference "firebase-ios-sdk" */;
			productName = FirebaseMessaging;
		};
		110041F22CB5D653008F55F5 /* FirebasePerformance */ = {
			isa = XCSwiftPackageProductDependency;
			package = 110041CB2CB5D653008F55F5 /* XCRemoteSwiftPackageReference "firebase-ios-sdk" */;
			productName = FirebasePerformance;
		};
		110041F42CB5D653008F55F5 /* FirebaseRemoteConfig */ = {
			isa = XCSwiftPackageProductDependency;
			package = 110041CB2CB5D653008F55F5 /* XCRemoteSwiftPackageReference "firebase-ios-sdk" */;
			productName = FirebaseRemoteConfig;
		};
		110041F62CB5D653008F55F5 /* FirebaseStorage */ = {
			isa = XCSwiftPackageProductDependency;
			package = 110041CB2CB5D653008F55F5 /* XCRemoteSwiftPackageReference "firebase-ios-sdk" */;
			productName = FirebaseStorage;
		};
		110041F82CB5D653008F55F5 /* FirebaseStorageCombine-Community */ = {
			isa = XCSwiftPackageProductDependency;
			package = 110041CB2CB5D653008F55F5 /* XCRemoteSwiftPackageReference "firebase-ios-sdk" */;
			productName = "FirebaseStorageCombine-Community";
		};
		110041FA2CB5D653008F55F5 /* FirebaseVertexAI-Preview */ = {
			isa = XCSwiftPackageProductDependency;
			package = 110041CB2CB5D653008F55F5 /* XCRemoteSwiftPackageReference "firebase-ios-sdk" */;
			productName = "FirebaseVertexAI-Preview";
		};
/* End XCSwiftPackageProductDependency section */
	};
	rootObject = 11A5BB852C7414C5000FEE6F /* Project object */;
}
